<?xml version="1.0" encoding="UTF-8"?>
<Scheme
   LastUpgradeVersion = "1010"
   version = "1.3">
   <BuildAction
      parallelizeBuildables = "YES"
      buildImplicitDependencies = "YES">
      <BuildActionEntries>
         <BuildActionEntry
            buildForTesting = "YES"
            buildForRunning = "YES"
            buildForProfiling = "YES"
            buildForArchiving = "YES"
            buildForAnalyzing = "YES">
            <BuildableReference
               BuildableIdentifier = "primary"
               BlueprintIdentifier = "B90FCF66245CD7327BEE2CBF"
               BuildableName = "Core.framework"
               BlueprintName = "Core"
               ReferencedContainer = "container:Projects/Core/Core.xcodeproj">
            </BuildableReference>
         </BuildActionEntry>
         <BuildActionEntry
            buildForTesting = "YES"
            buildForRunning = "YES"
            buildForProfiling = "YES"
            buildForArchiving = "YES"
            buildForAnalyzing = "YES">
            <BuildableReference
               BuildableIdentifier = "primary"
               BlueprintIdentifier = "83C9B5D1938C22907FF6E247"
               BuildableName = "DesignSystem.framework"
               BlueprintName = "DesignSystem"
               ReferencedContainer = "container:Projects/DesignSystem/DesignSystem.xcodeproj">
            </BuildableReference>
         </BuildActionEntry>
         <BuildActionEntry
            buildForTesting = "YES"
            buildForRunning = "YES"
            buildForProfiling = "YES"
            buildForArchiving = "YES"
            buildForAnalyzing = "YES">
            <BuildableReference
               BuildableIdentifier = "primary"
               BlueprintIdentifier = "F8250C5DA706FB0BDE96A1E1"
               BuildableName = "FlyleafDev.app"
               BlueprintName = "FlyleafDev"
               ReferencedContainer = "container:Projects/App/App.xcodeproj">
            </BuildableReference>
         </BuildActionEntry>
         <BuildActionEntry
            buildForTesting = "YES"
            buildForRunning = "YES"
            buildForProfiling = "YES"
            buildForArchiving = "YES"
            buildForAnalyzing = "YES">
            <BuildableReference
               BuildableIdentifier = "primary"
               BlueprintIdentifier = "A414949769DD1845183AC5F6"
               BuildableName = "HomeExample.app"
               BlueprintName = "HomeExample"
               ReferencedContainer = "container:Features/Home/Home.xcodeproj">
            </BuildableReference>
         </BuildActionEntry>
         <BuildActionEntry
            buildForTesting = "YES"
            buildForRunning = "YES"
            buildForProfiling = "YES"
            buildForArchiving = "YES"
            buildForAnalyzing = "YES">
            <BuildableReference
               BuildableIdentifier = "primary"
               BlueprintIdentifier = "B0F22FD34E28934CA2115EE9"
               BuildableName = "HomeFeature.framework"
               BlueprintName = "HomeFeature"
               ReferencedContainer = "container:Features/Home/Home.xcodeproj">
            </BuildableReference>
         </BuildActionEntry>
         <BuildActionEntry
            buildForTesting = "YES"
            buildForRunning = "YES"
            buildForProfiling = "YES"
            buildForArchiving = "YES"
            buildForAnalyzing = "YES">
            <BuildableReference
               BuildableIdentifier = "primary"
               BlueprintIdentifier = "A9EED54876D44D485F1EEB8D"
               BuildableName = "HomeInterface.framework"
               BlueprintName = "HomeInterface"
               ReferencedContainer = "container:Features/Home/Home.xcodeproj">
            </BuildableReference>
         </BuildActionEntry>
         <BuildActionEntry
            buildForTesting = "YES"
            buildForRunning = "YES"
            buildForProfiling = "YES"
            buildForArchiving = "YES"
            buildForAnalyzing = "YES">
            <BuildableReference
               BuildableIdentifier = "primary"
               BlueprintIdentifier = "E3DD6237C3219FB2C5630130"
               BuildableName = "HomeTesting.framework"
               BlueprintName = "HomeTesting"
               ReferencedContainer = "container:Features/Home/Home.xcodeproj">
            </BuildableReference>
         </BuildActionEntry>
         <BuildActionEntry
            buildForTesting = "YES"
            buildForRunning = "YES"
            buildForProfiling = "YES"
            buildForArchiving = "YES"
            buildForAnalyzing = "YES">
            <BuildableReference
               BuildableIdentifier = "primary"
               BlueprintIdentifier = "AF31213DA71B06E9B09EA3F0"
               BuildableName = "HomeTests.xctest"
               BlueprintName = "HomeTests"
               ReferencedContainer = "container:Features/Home/Home.xcodeproj">
            </BuildableReference>
         </BuildActionEntry>
         <BuildActionEntry
            buildForTesting = "YES"
            buildForRunning = "YES"
            buildForProfiling = "YES"
            buildForArchiving = "YES"
            buildForAnalyzing = "YES">
            <BuildableReference
               BuildableIdentifier = "primary"
               BlueprintIdentifier = "0F50DF1B9B036935EFC7C346"
               BuildableName = "LoginExample.app"
               BlueprintName = "LoginExample"
               ReferencedContainer = "container:Features/Login/Login.xcodeproj">
            </BuildableReference>
         </BuildActionEntry>
         <BuildActionEntry
            buildForTesting = "YES"
            buildForRunning = "YES"
            buildForProfiling = "YES"
            buildForArchiving = "YES"
            buildForAnalyzing = "YES">
            <BuildableReference
               BuildableIdentifier = "primary"
               BlueprintIdentifier = "044F34641743125B5285B048"
               BuildableName = "LoginFeature.framework"
               BlueprintName = "LoginFeature"
               ReferencedContainer = "container:Features/Login/Login.xcodeproj">
            </BuildableReference>
         </BuildActionEntry>
         <BuildActionEntry
            buildForTesting = "YES"
            buildForRunning = "YES"
            buildForProfiling = "YES"
            buildForArchiving = "YES"
            buildForAnalyzing = "YES">
            <BuildableReference
               BuildableIdentifier = "primary"
               BlueprintIdentifier = "1D73E72CE303E2C3DEBD6112"
               BuildableName = "LoginInterface.framework"
               BlueprintName = "LoginInterface"
               ReferencedContainer = "container:Features/Login/Login.xcodeproj">
            </BuildableReference>
         </BuildActionEntry>
         <BuildActionEntry
            buildForTesting = "YES"
            buildForRunning = "YES"
            buildForProfiling = "YES"
            buildForArchiving = "YES"
            buildForAnalyzing = "YES">
            <BuildableReference
               BuildableIdentifier = "primary"
               BlueprintIdentifier = "3CA6207747226A8CA3E7B19E"
               BuildableName = "LoginTesting.framework"
               BlueprintName = "LoginTesting"
               ReferencedContainer = "container:Features/Login/Login.xcodeproj">
            </BuildableReference>
         </BuildActionEntry>
         <BuildActionEntry
            buildForTesting = "YES"
            buildForRunning = "YES"
            buildForProfiling = "YES"
            buildForArchiving = "YES"
            buildForAnalyzing = "YES">
            <BuildableReference
               BuildableIdentifier = "primary"
               BlueprintIdentifier = "8EC12D40A59F4E845C71699F"
               BuildableName = "LoginTests.xctest"
               BlueprintName = "LoginTests"
               ReferencedContainer = "container:Features/Login/Login.xcodeproj">
            </BuildableReference>
         </BuildActionEntry>
         <BuildActionEntry
            buildForTesting = "YES"
            buildForRunning = "YES"
            buildForProfiling = "YES"
            buildForArchiving = "YES"
            buildForAnalyzing = "YES">
            <BuildableReference
               BuildableIdentifier = "primary"
               BlueprintIdentifier = "E114CF39069F23631C93E10A"
               BuildableName = "OnboardingExample.app"
               BlueprintName = "OnboardingExample"
               ReferencedContainer = "container:Features/Onboarding/Onboarding.xcodeproj">
            </BuildableReference>
         </BuildActionEntry>
         <BuildActionEntry
            buildForTesting = "YES"
            buildForRunning = "YES"
            buildForProfiling = "YES"
            buildForArchiving = "YES"
            buildForAnalyzing = "YES">
            <BuildableReference
               BuildableIdentifier = "primary"
               BlueprintIdentifier = "E91FCAA702E524627361C888"
               BuildableName = "OnboardingFeature.framework"
               BlueprintName = "OnboardingFeature"
               ReferencedContainer = "container:Features/Onboarding/Onboarding.xcodeproj">
            </BuildableReference>
         </BuildActionEntry>
         <BuildActionEntry
            buildForTesting = "YES"
            buildForRunning = "YES"
            buildForProfiling = "YES"
            buildForArchiving = "YES"
            buildForAnalyzing = "YES">
            <BuildableReference
               BuildableIdentifier = "primary"
               BlueprintIdentifier = "63AEB962829E4B8586238E57"
               BuildableName = "OnboardingInterface.framework"
               BlueprintName = "OnboardingInterface"
               ReferencedContainer = "container:Features/Onboarding/Onboarding.xcodeproj">
            </BuildableReference>
         </BuildActionEntry>
         <BuildActionEntry
            buildForTesting = "YES"
            buildForRunning = "YES"
            buildForProfiling = "YES"
            buildForArchiving = "YES"
            buildForAnalyzing = "YES">
            <BuildableReference
               BuildableIdentifier = "primary"
               BlueprintIdentifier = "DBC2B8AB41278351C31A1613"
               BuildableName = "OnboardingTesting.framework"
               BlueprintName = "OnboardingTesting"
               ReferencedContainer = "container:Features/Onboarding/Onboarding.xcodeproj">
            </BuildableReference>
         </BuildActionEntry>
         <BuildActionEntry
            buildForTesting = "YES"
            buildForRunning = "YES"
            buildForProfiling = "YES"
            buildForArchiving = "YES"
            buildForAnalyzing = "YES">
            <BuildableReference
               BuildableIdentifier = "primary"
               BlueprintIdentifier = "DA88977530A9E72DBD7E283A"
               BuildableName = "OnboardingTests.xctest"
               BlueprintName = "OnboardingTests"
               ReferencedContainer = "container:Features/Onboarding/Onboarding.xcodeproj">
            </BuildableReference>
         </BuildActionEntry>
         <BuildActionEntry
            buildForTesting = "YES"
            buildForRunning = "YES"
            buildForProfiling = "YES"
            buildForArchiving = "YES"
            buildForAnalyzing = "YES">
            <BuildableReference
               BuildableIdentifier = "primary"
               BlueprintIdentifier = "8A043024BB190898066F1729"
               BuildableName = "SnapKit.framework"
               BlueprintName = "SnapKit"
               ReferencedContainer = "container:Tuist/.build/tuist-derived/SnapKit/SnapKit.xcodeproj">
            </BuildableReference>
         </BuildActionEntry>
         <BuildActionEntry
            buildForTesting = "YES"
            buildForRunning = "YES"
            buildForProfiling = "YES"
            buildForArchiving = "YES"
            buildForAnalyzing = "YES">
            <BuildableReference
               BuildableIdentifier = "primary"
               BlueprintIdentifier = "FE3DC8F97DB86B8D9A0E5C08"
               BuildableName = "Then.framework"
               BlueprintName = "Then"
               ReferencedContainer = "container:Tuist/.build/tuist-derived/Then/Then.xcodeproj">
            </BuildableReference>
         </BuildActionEntry>
      </BuildActionEntries>
   </BuildAction>
   <TestAction
      buildConfiguration = "Debug"
      selectedDebuggerIdentifier = "Xcode.DebuggerFoundation.Debugger.LLDB"
      selectedLauncherIdentifier = "Xcode.DebuggerFoundation.Launcher.LLDB"
      shouldUseLaunchSchemeArgsEnv = "YES">
      <Testables>
         <TestableReference
            skipped = "NO"
            parallelizable = "NO">
            <BuildableReference
               BuildableIdentifier = "primary"
               BlueprintIdentifier = "AF31213DA71B06E9B09EA3F0"
               BuildableName = "HomeTests.xctest"
               BlueprintName = "HomeTests"
               ReferencedContainer = "container:Features/Home/Home.xcodeproj">
            </BuildableReference>
         </TestableReference>
         <TestableReference
            skipped = "NO"
            parallelizable = "NO">
            <BuildableReference
               BuildableIdentifier = "primary"
               BlueprintIdentifier = "8EC12D40A59F4E845C71699F"
               BuildableName = "LoginTests.xctest"
               BlueprintName = "LoginTests"
               ReferencedContainer = "container:Features/Login/Login.xcodeproj">
            </BuildableReference>
         </TestableReference>
         <TestableReference
            skipped = "NO"
            parallelizable = "NO">
            <BuildableReference
               BuildableIdentifier = "primary"
               BlueprintIdentifier = "DA88977530A9E72DBD7E283A"
               BuildableName = "OnboardingTests.xctest"
               BlueprintName = "OnboardingTests"
               ReferencedContainer = "container:Features/Onboarding/Onboarding.xcodeproj">
            </BuildableReference>
         </TestableReference>
      </Testables>
   </TestAction>
   <LaunchAction
      buildConfiguration = "Debug"
      selectedDebuggerIdentifier = "Xcode.DebuggerFoundation.Debugger.LLDB"
      selectedLauncherIdentifier = "Xcode.DebuggerFoundation.Launcher.LLDB"
      launchStyle = "0"
      useCustomWorkingDirectory = "NO"
      ignoresPersistentStateOnLaunch = "NO"
      debugDocumentVersioning = "YES"
      debugServiceExtension = "internal"
      allowLocationSimulation = "YES">
      <MacroExpansion>
         <BuildableReference
            BuildableIdentifier = "primary"
            BlueprintIdentifier = "B90FCF66245CD7327BEE2CBF"
            BuildableName = "Core.framework"
            BlueprintName = "Core"
            ReferencedContainer = "container:Projects/Core/Core.xcodeproj">
         </BuildableReference>
      </MacroExpansion>
   </LaunchAction>
   <ProfileAction
      buildConfiguration = "Release"
      shouldUseLaunchSchemeArgsEnv = "YES"
      savedToolIdentifier = ""
      useCustomWorkingDirectory = "NO"
      debugDocumentVersioning = "YES">
      <MacroExpansion>
         <BuildableReference
            BuildableIdentifier = "primary"
            BlueprintIdentifier = "B90FCF66245CD7327BEE2CBF"
            BuildableName = "Core.framework"
            BlueprintName = "Core"
            ReferencedContainer = "container:Projects/Core/Core.xcodeproj">
         </BuildableReference>
      </MacroExpansion>
   </ProfileAction>
   <AnalyzeAction
      buildConfiguration = "Debug">
   </AnalyzeAction>
   <ArchiveAction
      buildConfiguration = "Release"
      revealArchiveInOrganizer = "YES">
   </ArchiveAction>
</Scheme>
