// !$*UTF8*$!
{
	archiveVersion = 1;
	classes = {
	};
	objectVersion = 55;
	objects = {

/* Begin PBXBuildFile section */
		01C0E9ACB7E906EE21663DFD /* PlaceholderViewController.swift in Sources */ = {isa = PBXBuildFile; fileRef = 3055E3B5533138B84C159A29 /* PlaceholderViewController.swift */; };
		0415F662D2075B731514085F /* GoogleUtilities_GoogleUtilities_Reachability.bundle in Resources */ = {isa = PBXBuildFile; fileRef = D6375694D1B80179B7C090E9 /* GoogleUtilities_GoogleUtilities_Reachability.bundle */; };
		060161A5DF5356A1E95902ED /* MainTabBarController.swift in Sources */ = {isa = PBXBuildFile; fileRef = 9F2A3169C8B8E2AC013F91F8 /* MainTabBarController.swift */; };
		09D009C88393A27289793459 /* Firebase_FirebaseCoreExtension.bundle in Resources */ = {isa = PBXBuildFile; fileRef = 001331504CFB608C259AD01C /* Firebase_FirebaseCoreExtension.bundle */; };
		10D7D2F3522D9DF5811E5DD3 /* Then.framework in Embed Frameworks */ = {isa = PBXBuildFile; fileRef = 7703DB5539953F38792597A5 /* Then.framework */; settings = {ATTRIBUTES = (CodeSignOnCopy, RemoveHeadersOnCopy, ); }; };
		11E1B6B602DC482696F0690B /* Firebase_FirebaseAuth.bundle in Dependencies */ = {isa = PBXBuildFile; fileRef = 9F241BEB376BEE1717751F1F /* Firebase_FirebaseAuth.bundle */; };
		13B9FDB39DE646405B98F956 /* GoogleUtilities_GoogleUtilities_Network.bundle in Resources */ = {isa = PBXBuildFile; fileRef = 39BF2D18DFB89E880E42645F /* GoogleUtilities_GoogleUtilities_Network.bundle */; };
		1B38A0F603AFD15C95F1D9FE /* GoogleUtilities_GoogleUtilities_AppDelegateSwizzler.bundle in Dependencies */ = {isa = PBXBuildFile; fileRef = 5DDB2F4EA01B0EEF77406ED9 /* GoogleUtilities_GoogleUtilities_AppDelegateSwizzler.bundle */; };
		1DDE04C546CDAF2454144BDE /* HomeFeature.framework in Frameworks */ = {isa = PBXBuildFile; fileRef = D6C67D77406D385F61826962 /* HomeFeature.framework */; };
		1EA0581D3906CC3D1F971542 /* TuistBundle+FlyleafDev.swift in Sources */ = {isa = PBXBuildFile; fileRef = 070B2A5F19851C97E381B9EA /* TuistBundle+FlyleafDev.swift */; };
		360457C59497FE022D0D5DD4 /* Firebase_FirebaseCore.bundle in Resources */ = {isa = PBXBuildFile; fileRef = AD69D01DF7849A86F4C17EF3 /* Firebase_FirebaseCore.bundle */; };
		3724F0D1C132F43A418CCEEB /* HomeInterface.framework in Embed Frameworks */ = {isa = PBXBuildFile; fileRef = 3378AADEC52D5A8AE2261C5D /* HomeInterface.framework */; settings = {ATTRIBUTES = (CodeSignOnCopy, RemoveHeadersOnCopy, ); }; };
		38E7344FCBDCD398E5B87951 /* Firebase_FirebaseCoreInternal.bundle in Resources */ = {isa = PBXBuildFile; fileRef = EFE2491E32CAC50F848EF255 /* Firebase_FirebaseCoreInternal.bundle */; };
		3BDC7D0BE7F8B8F084B66E7D /* Firebase_FirebaseCoreInternal.bundle in Dependencies */ = {isa = PBXBuildFile; fileRef = EFE2491E32CAC50F848EF255 /* Firebase_FirebaseCoreInternal.bundle */; };
		3D1E9E9FDF3410B609C4FFAC /* HomeInterface.framework in Frameworks */ = {isa = PBXBuildFile; fileRef = 3378AADEC52D5A8AE2261C5D /* HomeInterface.framework */; };
		402A04E223915BCC26714DBC /* AppCoordinator.swift in Sources */ = {isa = PBXBuildFile; fileRef = 75818DF6E54665466648A1CB /* AppCoordinator.swift */; };
		436F3C72FC5BF280CEE4819A /* AppDelegate.swift in Sources */ = {isa = PBXBuildFile; fileRef = 7210F22777D23AD1713BCADE /* AppDelegate.swift */; };
		5AD5612813424CB1346C054F /* LoginFeature.framework in Embed Frameworks */ = {isa = PBXBuildFile; fileRef = DC1FED34715BFF8FB1DD176A /* LoginFeature.framework */; settings = {ATTRIBUTES = (CodeSignOnCopy, RemoveHeadersOnCopy, ); }; };
		68AE46A2747FD3D5DE7DCDA2 /* LoginFeature.framework in Frameworks */ = {isa = PBXBuildFile; fileRef = DC1FED34715BFF8FB1DD176A /* LoginFeature.framework */; };
		6C97FA3775E7F39AAC540A57 /* SceneDelegate.swift in Sources */ = {isa = PBXBuildFile; fileRef = 1ED69542D699D2104EE8BFC4 /* SceneDelegate.swift */; };
		6F25F871C2BD57A2EF59A518 /* Firebase_FirebaseAuth.bundle in Resources */ = {isa = PBXBuildFile; fileRef = 9F241BEB376BEE1717751F1F /* Firebase_FirebaseAuth.bundle */; };
		7A4AE866C071D87015C3E2D4 /* DesignSystem.framework in Frameworks */ = {isa = PBXBuildFile; fileRef = E9369BFA2C65412102538303 /* DesignSystem.framework */; };
		7A9B70D61D9FBF7FD10A0641 /* Core.framework in Frameworks */ = {isa = PBXBuildFile; fileRef = 514C6A786251DDEC6B3DFF77 /* Core.framework */; };
		7F70AA6FE2E56DAF617AB8AF /* GoogleUtilities_GoogleUtilities_Reachability.bundle in Dependencies */ = {isa = PBXBuildFile; fileRef = D6375694D1B80179B7C090E9 /* GoogleUtilities_GoogleUtilities_Reachability.bundle */; };
		82281E66DE9A62C6D5110C51 /* Core.framework in Embed Frameworks */ = {isa = PBXBuildFile; fileRef = 514C6A786251DDEC6B3DFF77 /* Core.framework */; settings = {ATTRIBUTES = (CodeSignOnCopy, RemoveHeadersOnCopy, ); }; };
		8E5B41AB576E6B1EE8E805D3 /* LoginInterface.framework in Embed Frameworks */ = {isa = PBXBuildFile; fileRef = E12891B392AFA0E4F9F9E5CC /* LoginInterface.framework */; settings = {ATTRIBUTES = (CodeSignOnCopy, RemoveHeadersOnCopy, ); }; };
		971D6D1C25515A4707B4696E /* GoogleUtilities_GoogleUtilities_NSData.bundle in Dependencies */ = {isa = PBXBuildFile; fileRef = F64687C01E47DB17FF48B3F0 /* GoogleUtilities_GoogleUtilities_NSData.bundle */; };
		9A27652D8EBE3CC00BACFABB /* Firebase_FirebaseCoreExtension.bundle in Dependencies */ = {isa = PBXBuildFile; fileRef = 001331504CFB608C259AD01C /* Firebase_FirebaseCoreExtension.bundle */; };
		A8C238FA879104881E46B5B4 /* LoginInterface.framework in Frameworks */ = {isa = PBXBuildFile; fileRef = E12891B392AFA0E4F9F9E5CC /* LoginInterface.framework */; };
		A973789BCDC97B3BC1986FE3 /* DesignSystem.framework in Embed Frameworks */ = {isa = PBXBuildFile; fileRef = E9369BFA2C65412102538303 /* DesignSystem.framework */; settings = {ATTRIBUTES = (CodeSignOnCopy, RemoveHeadersOnCopy, ); }; };
		AEDF7FDB66EDE0315B5AEE8E /* GoogleService-Info.plist in Resources */ = {isa = PBXBuildFile; fileRef = 3B05FBD5F250BCD8F5D5E9D7 /* GoogleService-Info.plist */; };
		B0B98226B27A684993CEA426 /* Coordinator.swift in Sources */ = {isa = PBXBuildFile; fileRef = DABB8709412EA5E1B67EB270 /* Coordinator.swift */; };
		B820F75ADBE0949AFC523B3C /* GTMSessionFetcher_GTMSessionFetcherCore.bundle in Resources */ = {isa = PBXBuildFile; fileRef = B3E5E6EE052618BBF988A2A6 /* GTMSessionFetcher_GTMSessionFetcherCore.bundle */; };
		C4697C40306EB1ACEBB4A16A /* HomeFeature.framework in Embed Frameworks */ = {isa = PBXBuildFile; fileRef = D6C67D77406D385F61826962 /* HomeFeature.framework */; settings = {ATTRIBUTES = (CodeSignOnCopy, RemoveHeadersOnCopy, ); }; };
		D682DA834921567BFEA7F27B /* TuistPlists+FlyleafDev.swift in Sources */ = {isa = PBXBuildFile; fileRef = 0273FCAD19F6D3BBFAB1B9D4 /* TuistPlists+FlyleafDev.swift */; };
		DCD37A6D1A91C72785D1E954 /* SnapKit.framework in Embed Frameworks */ = {isa = PBXBuildFile; fileRef = 0DE442BA1C87E9CF5D190ED8 /* SnapKit.framework */; settings = {ATTRIBUTES = (CodeSignOnCopy, RemoveHeadersOnCopy, ); }; };
		DFBD68EE5495578349EEB095 /* GoogleUtilities_GoogleUtilities_Logger.bundle in Dependencies */ = {isa = PBXBuildFile; fileRef = FC8C9536B1CA387C5E5002E9 /* GoogleUtilities_GoogleUtilities_Logger.bundle */; };
		E07355DD7530549BF52ED388 /* GoogleUtilities_GoogleUtilities_AppDelegateSwizzler.bundle in Resources */ = {isa = PBXBuildFile; fileRef = 5DDB2F4EA01B0EEF77406ED9 /* GoogleUtilities_GoogleUtilities_AppDelegateSwizzler.bundle */; };
		E09C75A6047FB592AED7C111 /* Firebase_FirebaseCore.bundle in Dependencies */ = {isa = PBXBuildFile; fileRef = AD69D01DF7849A86F4C17EF3 /* Firebase_FirebaseCore.bundle */; };
		E46F849EF1C0D0201B278ADF /* GoogleUtilities_GoogleUtilities_Logger.bundle in Resources */ = {isa = PBXBuildFile; fileRef = FC8C9536B1CA387C5E5002E9 /* GoogleUtilities_GoogleUtilities_Logger.bundle */; };
		E74646AB2F8071D8997126EB /* GoogleUtilities_GoogleUtilities_Environment.bundle in Resources */ = {isa = PBXBuildFile; fileRef = 54C16966143C68BB125F5D74 /* GoogleUtilities_GoogleUtilities_Environment.bundle */; };
		F14BD2889013646B772AA034 /* GoogleUtilities_GoogleUtilities_Environment.bundle in Dependencies */ = {isa = PBXBuildFile; fileRef = 54C16966143C68BB125F5D74 /* GoogleUtilities_GoogleUtilities_Environment.bundle */; };
		F86967D8D4FD4A2AB82BF3C7 /* GoogleUtilities_GoogleUtilities_NSData.bundle in Resources */ = {isa = PBXBuildFile; fileRef = F64687C01E47DB17FF48B3F0 /* GoogleUtilities_GoogleUtilities_NSData.bundle */; };
		FC9BD39B69B51008A1065867 /* GoogleUtilities_GoogleUtilities_Network.bundle in Dependencies */ = {isa = PBXBuildFile; fileRef = 39BF2D18DFB89E880E42645F /* GoogleUtilities_GoogleUtilities_Network.bundle */; };
		FE43DC316CBA4EB0F5C8D1FE /* GTMSessionFetcher_GTMSessionFetcherCore.bundle in Dependencies */ = {isa = PBXBuildFile; fileRef = B3E5E6EE052618BBF988A2A6 /* GTMSessionFetcher_GTMSessionFetcherCore.bundle */; };
/* End PBXBuildFile section */

/* Begin PBXCopyFilesBuildPhase section */
		04FD76A1056791A3D0D899C8 /* Embed Frameworks */ = {
			isa = PBXCopyFilesBuildPhase;
			buildActionMask = 2147483647;
			dstPath = "";
			dstSubfolderSpec = 10;
			files = (
				82281E66DE9A62C6D5110C51 /* Core.framework in Embed Frameworks */,
				A973789BCDC97B3BC1986FE3 /* DesignSystem.framework in Embed Frameworks */,
				C4697C40306EB1ACEBB4A16A /* HomeFeature.framework in Embed Frameworks */,
				3724F0D1C132F43A418CCEEB /* HomeInterface.framework in Embed Frameworks */,
				5AD5612813424CB1346C054F /* LoginFeature.framework in Embed Frameworks */,
				8E5B41AB576E6B1EE8E805D3 /* LoginInterface.framework in Embed Frameworks */,
				DCD37A6D1A91C72785D1E954 /* SnapKit.framework in Embed Frameworks */,
				10D7D2F3522D9DF5811E5DD3 /* Then.framework in Embed Frameworks */,
			);
			name = "Embed Frameworks";
			runOnlyForDeploymentPostprocessing = 0;
		};
		651401DCC63A168C7878F506 /* Dependencies */ = {
			isa = PBXCopyFilesBuildPhase;
			buildActionMask = 8;
			dstSubfolderSpec = 16;
			files = (
				11E1B6B602DC482696F0690B /* Firebase_FirebaseAuth.bundle in Dependencies */,
				E09C75A6047FB592AED7C111 /* Firebase_FirebaseCore.bundle in Dependencies */,
				9A27652D8EBE3CC00BACFABB /* Firebase_FirebaseCoreExtension.bundle in Dependencies */,
				3BDC7D0BE7F8B8F084B66E7D /* Firebase_FirebaseCoreInternal.bundle in Dependencies */,
				FE43DC316CBA4EB0F5C8D1FE /* GTMSessionFetcher_GTMSessionFetcherCore.bundle in Dependencies */,
				1B38A0F603AFD15C95F1D9FE /* GoogleUtilities_GoogleUtilities_AppDelegateSwizzler.bundle in Dependencies */,
				F14BD2889013646B772AA034 /* GoogleUtilities_GoogleUtilities_Environment.bundle in Dependencies */,
				DFBD68EE5495578349EEB095 /* GoogleUtilities_GoogleUtilities_Logger.bundle in Dependencies */,
				971D6D1C25515A4707B4696E /* GoogleUtilities_GoogleUtilities_NSData.bundle in Dependencies */,
				FC9BD39B69B51008A1065867 /* GoogleUtilities_GoogleUtilities_Network.bundle in Dependencies */,
				7F70AA6FE2E56DAF617AB8AF /* GoogleUtilities_GoogleUtilities_Reachability.bundle in Dependencies */,
			);
			name = Dependencies;
			runOnlyForDeploymentPostprocessing = 1;
		};
/* End PBXCopyFilesBuildPhase section */

/* Begin PBXFileReference section */
		001331504CFB608C259AD01C /* Firebase_FirebaseCoreExtension.bundle */ = {isa = PBXFileReference; explicitFileType = wrapper.cfbundle; includeInIndex = 0; path = Firebase_FirebaseCoreExtension.bundle; sourceTree = BUILT_PRODUCTS_DIR; };
		0273FCAD19F6D3BBFAB1B9D4 /* TuistPlists+FlyleafDev.swift */ = {isa = PBXFileReference; lastKnownFileType = sourcecode.swift; path = "TuistPlists+FlyleafDev.swift"; sourceTree = "<group>"; };
		069E773C7B20BE85EAF26F27 /* FlyleafDev-Info.plist */ = {isa = PBXFileReference; lastKnownFileType = text.plist; path = "FlyleafDev-Info.plist"; sourceTree = "<group>"; };
		070B2A5F19851C97E381B9EA /* TuistBundle+FlyleafDev.swift */ = {isa = PBXFileReference; lastKnownFileType = sourcecode.swift; path = "TuistBundle+FlyleafDev.swift"; sourceTree = "<group>"; };
		09A83BD4E307F1EFFEA9358B /* FlyleafDev.app */ = {isa = PBXFileReference; explicitFileType = wrapper.application; includeInIndex = 0; path = FlyleafDev.app; sourceTree = BUILT_PRODUCTS_DIR; };
		0DE442BA1C87E9CF5D190ED8 /* SnapKit.framework */ = {isa = PBXFileReference; explicitFileType = wrapper.framework; includeInIndex = 0; path = SnapKit.framework; sourceTree = BUILT_PRODUCTS_DIR; };
		1ED69542D699D2104EE8BFC4 /* SceneDelegate.swift */ = {isa = PBXFileReference; lastKnownFileType = sourcecode.swift; path = SceneDelegate.swift; sourceTree = "<group>"; };
		3055E3B5533138B84C159A29 /* PlaceholderViewController.swift */ = {isa = PBXFileReference; lastKnownFileType = sourcecode.swift; path = PlaceholderViewController.swift; sourceTree = "<group>"; };
		3378AADEC52D5A8AE2261C5D /* HomeInterface.framework */ = {isa = PBXFileReference; explicitFileType = wrapper.framework; includeInIndex = 0; path = HomeInterface.framework; sourceTree = BUILT_PRODUCTS_DIR; };
		39BF2D18DFB89E880E42645F /* GoogleUtilities_GoogleUtilities_Network.bundle */ = {isa = PBXFileReference; explicitFileType = wrapper.cfbundle; includeInIndex = 0; path = GoogleUtilities_GoogleUtilities_Network.bundle; sourceTree = BUILT_PRODUCTS_DIR; };
		3B05FBD5F250BCD8F5D5E9D7 /* GoogleService-Info.plist */ = {isa = PBXFileReference; lastKnownFileType = text.plist; path = "GoogleService-Info.plist"; sourceTree = "<group>"; };
		514C6A786251DDEC6B3DFF77 /* Core.framework */ = {isa = PBXFileReference; explicitFileType = wrapper.framework; includeInIndex = 0; path = Core.framework; sourceTree = BUILT_PRODUCTS_DIR; };
		54C16966143C68BB125F5D74 /* GoogleUtilities_GoogleUtilities_Environment.bundle */ = {isa = PBXFileReference; explicitFileType = wrapper.cfbundle; includeInIndex = 0; path = GoogleUtilities_GoogleUtilities_Environment.bundle; sourceTree = BUILT_PRODUCTS_DIR; };
		5DDB2F4EA01B0EEF77406ED9 /* GoogleUtilities_GoogleUtilities_AppDelegateSwizzler.bundle */ = {isa = PBXFileReference; explicitFileType = wrapper.cfbundle; includeInIndex = 0; path = GoogleUtilities_GoogleUtilities_AppDelegateSwizzler.bundle; sourceTree = BUILT_PRODUCTS_DIR; };
		7210F22777D23AD1713BCADE /* AppDelegate.swift */ = {isa = PBXFileReference; lastKnownFileType = sourcecode.swift; path = AppDelegate.swift; sourceTree = "<group>"; };
		75818DF6E54665466648A1CB /* AppCoordinator.swift */ = {isa = PBXFileReference; lastKnownFileType = sourcecode.swift; path = AppCoordinator.swift; sourceTree = "<group>"; };
		7703DB5539953F38792597A5 /* Then.framework */ = {isa = PBXFileReference; explicitFileType = wrapper.framework; includeInIndex = 0; path = Then.framework; sourceTree = BUILT_PRODUCTS_DIR; };
		9F241BEB376BEE1717751F1F /* Firebase_FirebaseAuth.bundle */ = {isa = PBXFileReference; explicitFileType = wrapper.cfbundle; includeInIndex = 0; path = Firebase_FirebaseAuth.bundle; sourceTree = BUILT_PRODUCTS_DIR; };
		9F2A3169C8B8E2AC013F91F8 /* MainTabBarController.swift */ = {isa = PBXFileReference; lastKnownFileType = sourcecode.swift; path = MainTabBarController.swift; sourceTree = "<group>"; };
		AD69D01DF7849A86F4C17EF3 /* Firebase_FirebaseCore.bundle */ = {isa = PBXFileReference; explicitFileType = wrapper.cfbundle; includeInIndex = 0; path = Firebase_FirebaseCore.bundle; sourceTree = BUILT_PRODUCTS_DIR; };
		B3E5E6EE052618BBF988A2A6 /* GTMSessionFetcher_GTMSessionFetcherCore.bundle */ = {isa = PBXFileReference; explicitFileType = wrapper.cfbundle; includeInIndex = 0; path = GTMSessionFetcher_GTMSessionFetcherCore.bundle; sourceTree = BUILT_PRODUCTS_DIR; };
		CC93844F0C73FE26C02E3ABA /* Flyleaf.entitlements */ = {isa = PBXFileReference; lastKnownFileType = text.plist.entitlements; path = Flyleaf.entitlements; sourceTree = "<group>"; };
		D6375694D1B80179B7C090E9 /* GoogleUtilities_GoogleUtilities_Reachability.bundle */ = {isa = PBXFileReference; explicitFileType = wrapper.cfbundle; includeInIndex = 0; path = GoogleUtilities_GoogleUtilities_Reachability.bundle; sourceTree = BUILT_PRODUCTS_DIR; };
		D6C67D77406D385F61826962 /* HomeFeature.framework */ = {isa = PBXFileReference; explicitFileType = wrapper.framework; includeInIndex = 0; path = HomeFeature.framework; sourceTree = BUILT_PRODUCTS_DIR; };
		DABB8709412EA5E1B67EB270 /* Coordinator.swift */ = {isa = PBXFileReference; lastKnownFileType = sourcecode.swift; path = Coordinator.swift; sourceTree = "<group>"; };
		DC1FED34715BFF8FB1DD176A /* LoginFeature.framework */ = {isa = PBXFileReference; explicitFileType = wrapper.framework; includeInIndex = 0; path = LoginFeature.framework; sourceTree = BUILT_PRODUCTS_DIR; };
		E12891B392AFA0E4F9F9E5CC /* LoginInterface.framework */ = {isa = PBXFileReference; explicitFileType = wrapper.framework; includeInIndex = 0; path = LoginInterface.framework; sourceTree = BUILT_PRODUCTS_DIR; };
		E9369BFA2C65412102538303 /* DesignSystem.framework */ = {isa = PBXFileReference; explicitFileType = wrapper.framework; includeInIndex = 0; path = DesignSystem.framework; sourceTree = BUILT_PRODUCTS_DIR; };
		EFE2491E32CAC50F848EF255 /* Firebase_FirebaseCoreInternal.bundle */ = {isa = PBXFileReference; explicitFileType = wrapper.cfbundle; includeInIndex = 0; path = Firebase_FirebaseCoreInternal.bundle; sourceTree = BUILT_PRODUCTS_DIR; };
		F64687C01E47DB17FF48B3F0 /* GoogleUtilities_GoogleUtilities_NSData.bundle */ = {isa = PBXFileReference; explicitFileType = wrapper.cfbundle; includeInIndex = 0; path = GoogleUtilities_GoogleUtilities_NSData.bundle; sourceTree = BUILT_PRODUCTS_DIR; };
		FC8C9536B1CA387C5E5002E9 /* GoogleUtilities_GoogleUtilities_Logger.bundle */ = {isa = PBXFileReference; explicitFileType = wrapper.cfbundle; includeInIndex = 0; path = GoogleUtilities_GoogleUtilities_Logger.bundle; sourceTree = BUILT_PRODUCTS_DIR; };
/* End PBXFileReference section */

/* Begin PBXFrameworksBuildPhase section */
		944DBAB4795283C2A98E2E96 /* Frameworks */ = {
			isa = PBXFrameworksBuildPhase;
			buildActionMask = 2147483647;
			files = (
				7A9B70D61D9FBF7FD10A0641 /* Core.framework in Frameworks */,
				7A4AE866C071D87015C3E2D4 /* DesignSystem.framework in Frameworks */,
				1DDE04C546CDAF2454144BDE /* HomeFeature.framework in Frameworks */,
				3D1E9E9FDF3410B609C4FFAC /* HomeInterface.framework in Frameworks */,
				68AE46A2747FD3D5DE7DCDA2 /* LoginFeature.framework in Frameworks */,
				A8C238FA879104881E46B5B4 /* LoginInterface.framework in Frameworks */,
			);
			runOnlyForDeploymentPostprocessing = 0;
		};
/* End PBXFrameworksBuildPhase section */

/* Begin PBXGroup section */
		1321E22153397CBA17B56C03 /* Coordiator */ = {
			isa = PBXGroup;
			children = (
				75818DF6E54665466648A1CB /* AppCoordinator.swift */,
				DABB8709412EA5E1B67EB270 /* Coordinator.swift */,
			);
			path = Coordiator;
			sourceTree = "<group>";
		};
		3A418C773671A9C8CB1DA878 /* Firebase */ = {
			isa = PBXGroup;
			children = (
				3B05FBD5F250BCD8F5D5E9D7 /* GoogleService-Info.plist */,
			);
			path = Firebase;
			sourceTree = "<group>";
		};
		4102E3E068508DD683953C7D = {
			isa = PBXGroup;
			children = (
				52611B11A5E6A7198C4E57A3 /* Project */,
				E9C3DB3EC6D7655028A9C0D3 /* Products */,
			);
			sourceTree = "<group>";
		};
		52611B11A5E6A7198C4E57A3 /* Project */ = {
			isa = PBXGroup;
			children = (
				B3BCDE38B26B330C9A04FADE /* Derived */,
				62EFB15EC88C1D2636544B42 /* Resources */,
				858C4E433DBF0294DFED1B0C /* Sources */,
				CC93844F0C73FE26C02E3ABA /* Flyleaf.entitlements */,
			);
			name = Project;
			sourceTree = "<group>";
		};
		62EFB15EC88C1D2636544B42 /* Resources */ = {
			isa = PBXGroup;
			children = (
				3A418C773671A9C8CB1DA878 /* Firebase */,
			);
			path = Resources;
			sourceTree = "<group>";
		};
		66EB57D721CBB7D427955C21 /* InfoPlists */ = {
			isa = PBXGroup;
			children = (
				069E773C7B20BE85EAF26F27 /* FlyleafDev-Info.plist */,
			);
			path = InfoPlists;
			sourceTree = "<group>";
		};
		858C4E433DBF0294DFED1B0C /* Sources */ = {
			isa = PBXGroup;
			children = (
				1321E22153397CBA17B56C03 /* Coordiator */,
				92DB7EE6812B0307B0068715 /* TabBar */,
				7210F22777D23AD1713BCADE /* AppDelegate.swift */,
				1ED69542D699D2104EE8BFC4 /* SceneDelegate.swift */,
			);
			path = Sources;
			sourceTree = "<group>";
		};
		8919B428B639C6AF4BBFE002 /* Sources */ = {
			isa = PBXGroup;
			children = (
				070B2A5F19851C97E381B9EA /* TuistBundle+FlyleafDev.swift */,
				0273FCAD19F6D3BBFAB1B9D4 /* TuistPlists+FlyleafDev.swift */,
			);
			path = Sources;
			sourceTree = "<group>";
		};
		92DB7EE6812B0307B0068715 /* TabBar */ = {
			isa = PBXGroup;
			children = (
				9F2A3169C8B8E2AC013F91F8 /* MainTabBarController.swift */,
				3055E3B5533138B84C159A29 /* PlaceholderViewController.swift */,
			);
			path = TabBar;
			sourceTree = "<group>";
		};
		B3BCDE38B26B330C9A04FADE /* Derived */ = {
			isa = PBXGroup;
			children = (
				66EB57D721CBB7D427955C21 /* InfoPlists */,
				8919B428B639C6AF4BBFE002 /* Sources */,
			);
			path = Derived;
			sourceTree = "<group>";
		};
		E9C3DB3EC6D7655028A9C0D3 /* Products */ = {
			isa = PBXGroup;
			children = (
				514C6A786251DDEC6B3DFF77 /* Core.framework */,
				E9369BFA2C65412102538303 /* DesignSystem.framework */,
				9F241BEB376BEE1717751F1F /* Firebase_FirebaseAuth.bundle */,
				AD69D01DF7849A86F4C17EF3 /* Firebase_FirebaseCore.bundle */,
				001331504CFB608C259AD01C /* Firebase_FirebaseCoreExtension.bundle */,
				EFE2491E32CAC50F848EF255 /* Firebase_FirebaseCoreInternal.bundle */,
				09A83BD4E307F1EFFEA9358B /* FlyleafDev.app */,
				5DDB2F4EA01B0EEF77406ED9 /* GoogleUtilities_GoogleUtilities_AppDelegateSwizzler.bundle */,
				54C16966143C68BB125F5D74 /* GoogleUtilities_GoogleUtilities_Environment.bundle */,
				FC8C9536B1CA387C5E5002E9 /* GoogleUtilities_GoogleUtilities_Logger.bundle */,
				39BF2D18DFB89E880E42645F /* GoogleUtilities_GoogleUtilities_Network.bundle */,
				F64687C01E47DB17FF48B3F0 /* GoogleUtilities_GoogleUtilities_NSData.bundle */,
				D6375694D1B80179B7C090E9 /* GoogleUtilities_GoogleUtilities_Reachability.bundle */,
				B3E5E6EE052618BBF988A2A6 /* GTMSessionFetcher_GTMSessionFetcherCore.bundle */,
				D6C67D77406D385F61826962 /* HomeFeature.framework */,
				3378AADEC52D5A8AE2261C5D /* HomeInterface.framework */,
				DC1FED34715BFF8FB1DD176A /* LoginFeature.framework */,
				E12891B392AFA0E4F9F9E5CC /* LoginInterface.framework */,
				0DE442BA1C87E9CF5D190ED8 /* SnapKit.framework */,
				7703DB5539953F38792597A5 /* Then.framework */,
			);
			name = Products;
			sourceTree = "<group>";
		};
/* End PBXGroup section */

/* Begin PBXNativeTarget section */
		F8250C5DA706FB0BDE96A1E1 /* FlyleafDev */ = {
			isa = PBXNativeTarget;
			buildConfigurationList = 8506BEF12474D1B7C41D9FA5 /* Build configuration list for PBXNativeTarget "FlyleafDev" */;
			buildPhases = (
				0AA3B94F4591F3FB02F4D107 /* Sources */,
				1899A72D0BA0BD3C1D817396 /* Resources */,
				944DBAB4795283C2A98E2E96 /* Frameworks */,
				04FD76A1056791A3D0D899C8 /* Embed Frameworks */,
				651401DCC63A168C7878F506 /* Dependencies */,
			);
			buildRules = (
			);
			dependencies = (
			);
			name = FlyleafDev;
			packageProductDependencies = (
			);
			productName = FlyleafDev;
			productReference = 09A83BD4E307F1EFFEA9358B /* FlyleafDev.app */;
			productType = "com.apple.product-type.application";
		};
/* End PBXNativeTarget section */

/* Begin PBXProject section */
		6B590BF25178DC7D824D09CE /* Project object */ = {
			isa = PBXProject;
			attributes = {
				BuildIndependentTargetsInParallel = YES;
				TargetAttributes = {
				};
			};
			buildConfigurationList = B3FD05C59F197F398A0B04AB /* Build configuration list for PBXProject "App" */;
			compatibilityVersion = "Xcode 14.0";
			developmentRegion = en;
			hasScannedForEncodings = 0;
			knownRegions = (
				Base,
				en,
			);
			mainGroup = 4102E3E068508DD683953C7D;
			productRefGroup = E9C3DB3EC6D7655028A9C0D3 /* Products */;
			projectDirPath = "";
			projectRoot = "";
			targets = (
				F8250C5DA706FB0BDE96A1E1 /* FlyleafDev */,
			);
		};
/* End PBXProject section */

/* Begin PBXResourcesBuildPhase section */
		1899A72D0BA0BD3C1D817396 /* Resources */ = {
			isa = PBXResourcesBuildPhase;
			buildActionMask = 2147483647;
			files = (
				AEDF7FDB66EDE0315B5AEE8E /* GoogleService-Info.plist in Resources */,
				6F25F871C2BD57A2EF59A518 /* Firebase_FirebaseAuth.bundle in Resources */,
				360457C59497FE022D0D5DD4 /* Firebase_FirebaseCore.bundle in Resources */,
				09D009C88393A27289793459 /* Firebase_FirebaseCoreExtension.bundle in Resources */,
				38E7344FCBDCD398E5B87951 /* Firebase_FirebaseCoreInternal.bundle in Resources */,
				B820F75ADBE0949AFC523B3C /* GTMSessionFetcher_GTMSessionFetcherCore.bundle in Resources */,
				E07355DD7530549BF52ED388 /* GoogleUtilities_GoogleUtilities_AppDelegateSwizzler.bundle in Resources */,
				E74646AB2F8071D8997126EB /* GoogleUtilities_GoogleUtilities_Environment.bundle in Resources */,
				E46F849EF1C0D0201B278ADF /* GoogleUtilities_GoogleUtilities_Logger.bundle in Resources */,
				F86967D8D4FD4A2AB82BF3C7 /* GoogleUtilities_GoogleUtilities_NSData.bundle in Resources */,
				13B9FDB39DE646405B98F956 /* GoogleUtilities_GoogleUtilities_Network.bundle in Resources */,
				0415F662D2075B731514085F /* GoogleUtilities_GoogleUtilities_Reachability.bundle in Resources */,
			);
			runOnlyForDeploymentPostprocessing = 0;
		};
/* End PBXResourcesBuildPhase section */

/* Begin PBXSourcesBuildPhase section */
		0AA3B94F4591F3FB02F4D107 /* Sources */ = {
			isa = PBXSourcesBuildPhase;
			buildActionMask = 2147483647;
			files = (
				1EA0581D3906CC3D1F971542 /* TuistBundle+FlyleafDev.swift in Sources */,
				D682DA834921567BFEA7F27B /* TuistPlists+FlyleafDev.swift in Sources */,
				436F3C72FC5BF280CEE4819A /* AppDelegate.swift in Sources */,
				402A04E223915BCC26714DBC /* AppCoordinator.swift in Sources */,
				B0B98226B27A684993CEA426 /* Coordinator.swift in Sources */,
				6C97FA3775E7F39AAC540A57 /* SceneDelegate.swift in Sources */,
				060161A5DF5356A1E95902ED /* MainTabBarController.swift in Sources */,
				01C0E9ACB7E906EE21663DFD /* PlaceholderViewController.swift in Sources */,
			);
			runOnlyForDeploymentPostprocessing = 0;
		};
/* End PBXSourcesBuildPhase section */

/* Begin XCBuildConfiguration section */
		5C9EF0E6AF4F9491454DE177 /* Release */ = {
			isa = XCBuildConfiguration;
			buildSettings = {
				ALWAYS_SEARCH_USER_PATHS = NO;
				CLANG_ANALYZER_LOCALIZABILITY_NONLOCALIZED = YES;
				CLANG_ANALYZER_NONNULL = YES;
				CLANG_ANALYZER_NUMBER_OBJECT_CONVERSION = YES_AGGRESSIVE;
				CLANG_CXX_LANGUAGE_STANDARD = "gnu++14";
				CLANG_CXX_LIBRARY = "libc++";
				CLANG_ENABLE_MODULES = YES;
				CLANG_ENABLE_OBJC_ARC = YES;
				CLANG_ENABLE_OBJC_WEAK = YES;
				CLANG_WARN_BLOCK_CAPTURE_AUTORELEASING = YES;
				CLANG_WARN_BOOL_CONVERSION = YES;
				CLANG_WARN_COMMA = YES;
				CLANG_WARN_CONSTANT_CONVERSION = YES;
				CLANG_WARN_DEPRECATED_OBJC_IMPLEMENTATIONS = YES;
				CLANG_WARN_DIRECT_OBJC_ISA_USAGE = YES_ERROR;
				CLANG_WARN_DOCUMENTATION_COMMENTS = YES;
				CLANG_WARN_EMPTY_BODY = YES;
				CLANG_WARN_ENUM_CONVERSION = YES;
				CLANG_WARN_INFINITE_RECURSION = YES;
				CLANG_WARN_INT_CONVERSION = YES;
				CLANG_WARN_NON_LITERAL_NULL_CONVERSION = YES;
				CLANG_WARN_OBJC_IMPLICIT_RETAIN_SELF = YES;
				CLANG_WARN_OBJC_LITERAL_CONVERSION = YES;
				CLANG_WARN_OBJC_ROOT_CLASS = YES_ERROR;
				CLANG_WARN_QUOTED_INCLUDE_IN_FRAMEWORK_HEADER = YES;
				CLANG_WARN_RANGE_LOOP_ANALYSIS = YES;
				CLANG_WARN_STRICT_PROTOTYPES = YES;
				CLANG_WARN_SUSPICIOUS_MOVE = YES;
				CLANG_WARN_UNGUARDED_AVAILABILITY = YES_AGGRESSIVE;
				CLANG_WARN_UNREACHABLE_CODE = YES;
				CLANG_WARN__DUPLICATE_METHOD_MATCH = YES;
				COPY_PHASE_STRIP = NO;
				DEAD_CODE_STRIPPING = YES;
				DEBUG_INFORMATION_FORMAT = "dwarf-with-dsym";
				ENABLE_NS_ASSERTIONS = NO;
				ENABLE_STRICT_OBJC_MSGSEND = YES;
				GCC_C_LANGUAGE_STANDARD = gnu11;
				GCC_NO_COMMON_BLOCKS = YES;
				GCC_WARN_64_TO_32_BIT_CONVERSION = YES;
				GCC_WARN_ABOUT_RETURN_TYPE = YES_ERROR;
				GCC_WARN_UNDECLARED_SELECTOR = YES;
				GCC_WARN_UNINITIALIZED_AUTOS = YES_AGGRESSIVE;
				GCC_WARN_UNUSED_FUNCTION = YES;
				GCC_WARN_UNUSED_VARIABLE = YES;
				MTL_ENABLE_DEBUG_INFO = NO;
				PRODUCT_NAME = "$(TARGET_NAME)";
				VALIDATE_PRODUCT = YES;
			};
			name = Release;
		};
		9E022D158622F953C0B45D8F /* Release */ = {
			isa = XCBuildConfiguration;
			buildSettings = {
				ASSETCATALOG_COMPILER_APPICON_NAME = AppIcon;
				ASSETCATALOG_COMPILER_GLOBAL_ACCENT_COLOR_NAME = AccentColor;
				CODE_SIGN_ENTITLEMENTS = Flyleaf.entitlements;
				CODE_SIGN_IDENTITY = "iPhone Developer";
				CODE_SIGN_STYLE = Automatic;
				DEVELOPMENT_TEAM = X67DB976UU;
				ENABLE_PREVIEWS = YES;
				HEADER_SEARCH_PATHS = (
					"$(inherited)",
					"$(SRCROOT)/../../Tuist/.build/checkouts/GoogleUtilities",
					"$(SRCROOT)/../../Tuist/.build/checkouts/GoogleUtilities/GoogleUtilities/AppDelegateSwizzler/Public",
					"$(SRCROOT)/../../Tuist/.build/checkouts/GoogleUtilities/GoogleUtilities/Environment/Public",
					"$(SRCROOT)/../../Tuist/.build/checkouts/GoogleUtilities/GoogleUtilities/Logger/Public",
					"$(SRCROOT)/../../Tuist/.build/checkouts/GoogleUtilities/GoogleUtilities/NSData+zlib/Public",
					"$(SRCROOT)/../../Tuist/.build/checkouts/GoogleUtilities/GoogleUtilities/Network/Public",
					"$(SRCROOT)/../../Tuist/.build/checkouts/GoogleUtilities/GoogleUtilities/Reachability/Public",
					"$(SRCROOT)/../../Tuist/.build/checkouts/GoogleUtilities/third_party/IsAppEncrypted/Public",
					"$(SRCROOT)/../../Tuist/.build/checkouts/firebase-ios-sdk",
					"$(SRCROOT)/../../Tuist/.build/checkouts/firebase-ios-sdk/CoreOnly/Sources",
					"$(SRCROOT)/../../Tuist/.build/checkouts/firebase-ios-sdk/FirebaseAppCheck/Interop/Public",
					"$(SRCROOT)/../../Tuist/.build/checkouts/firebase-ios-sdk/FirebaseAuth/Interop/Public",
					"$(SRCROOT)/../../Tuist/.build/checkouts/firebase-ios-sdk/FirebaseAuth/Sources/Public",
					"$(SRCROOT)/../../Tuist/.build/checkouts/firebase-ios-sdk/FirebaseCore/Extension",
					"$(SRCROOT)/../../Tuist/.build/checkouts/firebase-ios-sdk/FirebaseCore/Sources/Public",
					"$(SRCROOT)/../../Tuist/.build/checkouts/gtm-session-fetcher/Sources/Core/Public",
					"$(SRCROOT)/../../Tuist/.build/checkouts/interop-ios-for-google-sdks/RecaptchaEnterprise/RecaptchaInterop/Public",
				);
				INFOPLIST_FILE = "Derived/InfoPlists/FlyleafDev-Info.plist";
				LD_RUNPATH_SEARCH_PATHS = (
					"$(inherited)",
					"@executable_path/Frameworks",
				);
				OTHER_CFLAGS = (
					"$(inherited)",
					"-fmodule-map-file=$(SRCROOT)/../../Tuist/.build/checkouts/firebase-ios-sdk/CoreOnly/Sources/module.modulemap",
					"-fmodule-map-file=$(SRCROOT)/../../Tuist/.build/tuist-derived/FirebaseAppCheckInterop/FirebaseAppCheckInterop.modulemap",
					"-fmodule-map-file=$(SRCROOT)/../../Tuist/.build/tuist-derived/FirebaseAuthInternal/FirebaseAuthInternal.modulemap",
					"-fmodule-map-file=$(SRCROOT)/../../Tuist/.build/tuist-derived/FirebaseAuthInterop/FirebaseAuthInterop.modulemap",
					"-fmodule-map-file=$(SRCROOT)/../../Tuist/.build/tuist-derived/FirebaseCore/FirebaseCore.modulemap",
					"-fmodule-map-file=$(SRCROOT)/../../Tuist/.build/tuist-derived/FirebaseCoreExtension/FirebaseCoreExtension.modulemap",
					"-fmodule-map-file=$(SRCROOT)/../../Tuist/.build/tuist-derived/GTMSessionFetcherCore/GTMSessionFetcherCore.modulemap",
					"-fmodule-map-file=$(SRCROOT)/../../Tuist/.build/tuist-derived/GoogleUtilities_AppDelegateSwizzler/GoogleUtilities_AppDelegateSwizzler.modulemap",
					"-fmodule-map-file=$(SRCROOT)/../../Tuist/.build/tuist-derived/GoogleUtilities_Environment/GoogleUtilities_Environment.modulemap",
					"-fmodule-map-file=$(SRCROOT)/../../Tuist/.build/tuist-derived/GoogleUtilities_Logger/GoogleUtilities_Logger.modulemap",
					"-fmodule-map-file=$(SRCROOT)/../../Tuist/.build/tuist-derived/GoogleUtilities_NSData/GoogleUtilities_NSData.modulemap",
					"-fmodule-map-file=$(SRCROOT)/../../Tuist/.build/tuist-derived/GoogleUtilities_Network/GoogleUtilities_Network.modulemap",
					"-fmodule-map-file=$(SRCROOT)/../../Tuist/.build/tuist-derived/GoogleUtilities_Reachability/GoogleUtilities_Reachability.modulemap",
					"-fmodule-map-file=$(SRCROOT)/../../Tuist/.build/tuist-derived/RecaptchaInterop/RecaptchaInterop.modulemap",
					"-fmodule-map-file=$(SRCROOT)/../../Tuist/.build/tuist-derived/third_party_IsAppEncrypted/third_party_IsAppEncrypted.modulemap",
				);
				OTHER_SWIFT_FLAGS = (
					"$(inherited)",
					"-Xcc",
					"-fmodule-map-file=$(SRCROOT)/../../Tuist/.build/checkouts/firebase-ios-sdk/CoreOnly/Sources/module.modulemap",
					"-Xcc",
					"-fmodule-map-file=$(SRCROOT)/../../Tuist/.build/tuist-derived/FirebaseAppCheckInterop/FirebaseAppCheckInterop.modulemap",
					"-Xcc",
					"-fmodule-map-file=$(SRCROOT)/../../Tuist/.build/tuist-derived/FirebaseAuthInternal/FirebaseAuthInternal.modulemap",
					"-Xcc",
					"-fmodule-map-file=$(SRCROOT)/../../Tuist/.build/tuist-derived/FirebaseAuthInterop/FirebaseAuthInterop.modulemap",
					"-Xcc",
					"-fmodule-map-file=$(SRCROOT)/../../Tuist/.build/tuist-derived/FirebaseCore/FirebaseCore.modulemap",
					"-Xcc",
					"-fmodule-map-file=$(SRCROOT)/../../Tuist/.build/tuist-derived/FirebaseCoreExtension/FirebaseCoreExtension.modulemap",
					"-Xcc",
					"-fmodule-map-file=$(SRCROOT)/../../Tuist/.build/tuist-derived/GTMSessionFetcherCore/GTMSessionFetcherCore.modulemap",
					"-Xcc",
					"-fmodule-map-file=$(SRCROOT)/../../Tuist/.build/tuist-derived/GoogleUtilities_AppDelegateSwizzler/GoogleUtilities_AppDelegateSwizzler.modulemap",
					"-Xcc",
					"-fmodule-map-file=$(SRCROOT)/../../Tuist/.build/tuist-derived/GoogleUtilities_Environment/GoogleUtilities_Environment.modulemap",
					"-Xcc",
					"-fmodule-map-file=$(SRCROOT)/../../Tuist/.build/tuist-derived/GoogleUtilities_Logger/GoogleUtilities_Logger.modulemap",
					"-Xcc",
					"-fmodule-map-file=$(SRCROOT)/../../Tuist/.build/tuist-derived/GoogleUtilities_NSData/GoogleUtilities_NSData.modulemap",
					"-Xcc",
					"-fmodule-map-file=$(SRCROOT)/../../Tuist/.build/tuist-derived/GoogleUtilities_Network/GoogleUtilities_Network.modulemap",
					"-Xcc",
					"-fmodule-map-file=$(SRCROOT)/../../Tuist/.build/tuist-derived/GoogleUtilities_Reachability/GoogleUtilities_Reachability.modulemap",
					"-Xcc",
					"-fmodule-map-file=$(SRCROOT)/../../Tuist/.build/tuist-derived/RecaptchaInterop/RecaptchaInterop.modulemap",
					"-Xcc",
					"-fmodule-map-file=$(SRCROOT)/../../Tuist/.build/tuist-derived/third_party_IsAppEncrypted/third_party_IsAppEncrypted.modulemap",
				);
				PRODUCT_BUNDLE_IDENTIFIER = com.yeo.flyleaf.dev;
				PRODUCT_NAME = FlyleafDev;
				SDKROOT = iphoneos;
				SUPPORTS_MACCATALYST = NO;
				SUPPORTS_MAC_DESIGNED_FOR_IPHONE_IPAD = YES;
				SUPPORTS_XR_DESIGNED_FOR_IPHONE_IPAD = NO;
				SWIFT_COMPILATION_MODE = wholemodule;
				SWIFT_OPTIMIZATION_LEVEL = "-O";
				SWIFT_VERSION = 5.0;
				TARGETED_DEVICE_FAMILY = "1,2";
			};
			name = Release;
		};
		F61063B78755D98B1B9C3697 /* Debug */ = {
			isa = XCBuildConfiguration;
			buildSettings = {
				ALWAYS_SEARCH_USER_PATHS = NO;
				CLANG_ANALYZER_LOCALIZABILITY_NONLOCALIZED = YES;
				CLANG_ANALYZER_NONNULL = YES;
				CLANG_ANALYZER_NUMBER_OBJECT_CONVERSION = YES_AGGRESSIVE;
				CLANG_CXX_LANGUAGE_STANDARD = "gnu++14";
				CLANG_CXX_LIBRARY = "libc++";
				CLANG_ENABLE_MODULES = YES;
				CLANG_ENABLE_OBJC_ARC = YES;
				CLANG_ENABLE_OBJC_WEAK = YES;
				CLANG_WARN_BLOCK_CAPTURE_AUTORELEASING = YES;
				CLANG_WARN_BOOL_CONVERSION = YES;
				CLANG_WARN_COMMA = YES;
				CLANG_WARN_CONSTANT_CONVERSION = YES;
				CLANG_WARN_DEPRECATED_OBJC_IMPLEMENTATIONS = YES;
				CLANG_WARN_DIRECT_OBJC_ISA_USAGE = YES_ERROR;
				CLANG_WARN_DOCUMENTATION_COMMENTS = YES;
				CLANG_WARN_EMPTY_BODY = YES;
				CLANG_WARN_ENUM_CONVERSION = YES;
				CLANG_WARN_INFINITE_RECURSION = YES;
				CLANG_WARN_INT_CONVERSION = YES;
				CLANG_WARN_NON_LITERAL_NULL_CONVERSION = YES;
				CLANG_WARN_OBJC_IMPLICIT_RETAIN_SELF = YES;
				CLANG_WARN_OBJC_LITERAL_CONVERSION = YES;
				CLANG_WARN_OBJC_ROOT_CLASS = YES_ERROR;
				CLANG_WARN_QUOTED_INCLUDE_IN_FRAMEWORK_HEADER = YES;
				CLANG_WARN_RANGE_LOOP_ANALYSIS = YES;
				CLANG_WARN_STRICT_PROTOTYPES = YES;
				CLANG_WARN_SUSPICIOUS_MOVE = YES;
				CLANG_WARN_UNGUARDED_AVAILABILITY = YES_AGGRESSIVE;
				CLANG_WARN_UNREACHABLE_CODE = YES;
				CLANG_WARN__DUPLICATE_METHOD_MATCH = YES;
				COPY_PHASE_STRIP = NO;
				DEAD_CODE_STRIPPING = YES;
				DEBUG_INFORMATION_FORMAT = dwarf;
				ENABLE_STRICT_OBJC_MSGSEND = YES;
				ENABLE_TESTABILITY = YES;
				GCC_C_LANGUAGE_STANDARD = gnu11;
				GCC_DYNAMIC_NO_PIC = NO;
				GCC_NO_COMMON_BLOCKS = YES;
				GCC_OPTIMIZATION_LEVEL = 0;
				GCC_PREPROCESSOR_DEFINITIONS = (
					"DEBUG=1",
					"$(inherited)",
				);
				GCC_WARN_64_TO_32_BIT_CONVERSION = YES;
				GCC_WARN_ABOUT_RETURN_TYPE = YES_ERROR;
				GCC_WARN_UNDECLARED_SELECTOR = YES;
				GCC_WARN_UNINITIALIZED_AUTOS = YES_AGGRESSIVE;
				GCC_WARN_UNUSED_FUNCTION = YES;
				GCC_WARN_UNUSED_VARIABLE = YES;
				MTL_ENABLE_DEBUG_INFO = YES;
				ONLY_ACTIVE_ARCH = YES;
				PRODUCT_NAME = "$(TARGET_NAME)";
			};
			name = Debug;
		};
		FAA36000FAC7B03AE55986AF /* Debug */ = {
			isa = XCBuildConfiguration;
			buildSettings = {
				ASSETCATALOG_COMPILER_APPICON_NAME = AppIcon;
				ASSETCATALOG_COMPILER_GLOBAL_ACCENT_COLOR_NAME = AccentColor;
				CODE_SIGN_ENTITLEMENTS = Flyleaf.entitlements;
				CODE_SIGN_IDENTITY = "iPhone Developer";
				CODE_SIGN_STYLE = Automatic;
				DEVELOPMENT_TEAM = X67DB976UU;
				ENABLE_PREVIEWS = YES;
				HEADER_SEARCH_PATHS = (
					"$(inherited)",
					"$(SRCROOT)/../../Tuist/.build/checkouts/GoogleUtilities",
					"$(SRCROOT)/../../Tuist/.build/checkouts/GoogleUtilities/GoogleUtilities/AppDelegateSwizzler/Public",
					"$(SRCROOT)/../../Tuist/.build/checkouts/GoogleUtilities/GoogleUtilities/Environment/Public",
					"$(SRCROOT)/../../Tuist/.build/checkouts/GoogleUtilities/GoogleUtilities/Logger/Public",
					"$(SRCROOT)/../../Tuist/.build/checkouts/GoogleUtilities/GoogleUtilities/NSData+zlib/Public",
					"$(SRCROOT)/../../Tuist/.build/checkouts/GoogleUtilities/GoogleUtilities/Network/Public",
					"$(SRCROOT)/../../Tuist/.build/checkouts/GoogleUtilities/GoogleUtilities/Reachability/Public",
					"$(SRCROOT)/../../Tuist/.build/checkouts/GoogleUtilities/third_party/IsAppEncrypted/Public",
					"$(SRCROOT)/../../Tuist/.build/checkouts/firebase-ios-sdk",
					"$(SRCROOT)/../../Tuist/.build/checkouts/firebase-ios-sdk/CoreOnly/Sources",
					"$(SRCROOT)/../../Tuist/.build/checkouts/firebase-ios-sdk/FirebaseAppCheck/Interop/Public",
					"$(SRCROOT)/../../Tuist/.build/checkouts/firebase-ios-sdk/FirebaseAuth/Interop/Public",
					"$(SRCROOT)/../../Tuist/.build/checkouts/firebase-ios-sdk/FirebaseAuth/Sources/Public",
					"$(SRCROOT)/../../Tuist/.build/checkouts/firebase-ios-sdk/FirebaseCore/Extension",
					"$(SRCROOT)/../../Tuist/.build/checkouts/firebase-ios-sdk/FirebaseCore/Sources/Public",
					"$(SRCROOT)/../../Tuist/.build/checkouts/gtm-session-fetcher/Sources/Core/Public",
					"$(SRCROOT)/../../Tuist/.build/checkouts/interop-ios-for-google-sdks/RecaptchaEnterprise/RecaptchaInterop/Public",
				);
				INFOPLIST_FILE = "Derived/InfoPlists/FlyleafDev-Info.plist";
				LD_RUNPATH_SEARCH_PATHS = (
					"$(inherited)",
					"@executable_path/Frameworks",
				);
				OTHER_CFLAGS = (
					"$(inherited)",
					"-fmodule-map-file=$(SRCROOT)/../../Tuist/.build/checkouts/firebase-ios-sdk/CoreOnly/Sources/module.modulemap",
					"-fmodule-map-file=$(SRCROOT)/../../Tuist/.build/tuist-derived/FirebaseAppCheckInterop/FirebaseAppCheckInterop.modulemap",
					"-fmodule-map-file=$(SRCROOT)/../../Tuist/.build/tuist-derived/FirebaseAuthInternal/FirebaseAuthInternal.modulemap",
					"-fmodule-map-file=$(SRCROOT)/../../Tuist/.build/tuist-derived/FirebaseAuthInterop/FirebaseAuthInterop.modulemap",
					"-fmodule-map-file=$(SRCROOT)/../../Tuist/.build/tuist-derived/FirebaseCore/FirebaseCore.modulemap",
					"-fmodule-map-file=$(SRCROOT)/../../Tuist/.build/tuist-derived/FirebaseCoreExtension/FirebaseCoreExtension.modulemap",
					"-fmodule-map-file=$(SRCROOT)/../../Tuist/.build/tuist-derived/GTMSessionFetcherCore/GTMSessionFetcherCore.modulemap",
					"-fmodule-map-file=$(SRCROOT)/../../Tuist/.build/tuist-derived/GoogleUtilities_AppDelegateSwizzler/GoogleUtilities_AppDelegateSwizzler.modulemap",
					"-fmodule-map-file=$(SRCROOT)/../../Tuist/.build/tuist-derived/GoogleUtilities_Environment/GoogleUtilities_Environment.modulemap",
					"-fmodule-map-file=$(SRCROOT)/../../Tuist/.build/tuist-derived/GoogleUtilities_Logger/GoogleUtilities_Logger.modulemap",
					"-fmodule-map-file=$(SRCROOT)/../../Tuist/.build/tuist-derived/GoogleUtilities_NSData/GoogleUtilities_NSData.modulemap",
					"-fmodule-map-file=$(SRCROOT)/../../Tuist/.build/tuist-derived/GoogleUtilities_Network/GoogleUtilities_Network.modulemap",
					"-fmodule-map-file=$(SRCROOT)/../../Tuist/.build/tuist-derived/GoogleUtilities_Reachability/GoogleUtilities_Reachability.modulemap",
					"-fmodule-map-file=$(SRCROOT)/../../Tuist/.build/tuist-derived/RecaptchaInterop/RecaptchaInterop.modulemap",
					"-fmodule-map-file=$(SRCROOT)/../../Tuist/.build/tuist-derived/third_party_IsAppEncrypted/third_party_IsAppEncrypted.modulemap",
				);
				OTHER_SWIFT_FLAGS = (
					"$(inherited)",
					"-Xcc",
					"-fmodule-map-file=$(SRCROOT)/../../Tuist/.build/checkouts/firebase-ios-sdk/CoreOnly/Sources/module.modulemap",
					"-Xcc",
					"-fmodule-map-file=$(SRCROOT)/../../Tuist/.build/tuist-derived/FirebaseAppCheckInterop/FirebaseAppCheckInterop.modulemap",
					"-Xcc",
					"-fmodule-map-file=$(SRCROOT)/../../Tuist/.build/tuist-derived/FirebaseAuthInternal/FirebaseAuthInternal.modulemap",
					"-Xcc",
					"-fmodule-map-file=$(SRCROOT)/../../Tuist/.build/tuist-derived/FirebaseAuthInterop/FirebaseAuthInterop.modulemap",
					"-Xcc",
					"-fmodule-map-file=$(SRCROOT)/../../Tuist/.build/tuist-derived/FirebaseCore/FirebaseCore.modulemap",
					"-Xcc",
					"-fmodule-map-file=$(SRCROOT)/../../Tuist/.build/tuist-derived/FirebaseCoreExtension/FirebaseCoreExtension.modulemap",
					"-Xcc",
					"-fmodule-map-file=$(SRCROOT)/../../Tuist/.build/tuist-derived/GTMSessionFetcherCore/GTMSessionFetcherCore.modulemap",
					"-Xcc",
					"-fmodule-map-file=$(SRCROOT)/../../Tuist/.build/tuist-derived/GoogleUtilities_AppDelegateSwizzler/GoogleUtilities_AppDelegateSwizzler.modulemap",
					"-Xcc",
					"-fmodule-map-file=$(SRCROOT)/../../Tuist/.build/tuist-derived/GoogleUtilities_Environment/GoogleUtilities_Environment.modulemap",
					"-Xcc",
					"-fmodule-map-file=$(SRCROOT)/../../Tuist/.build/tuist-derived/GoogleUtilities_Logger/GoogleUtilities_Logger.modulemap",
					"-Xcc",
					"-fmodule-map-file=$(SRCROOT)/../../Tuist/.build/tuist-derived/GoogleUtilities_NSData/GoogleUtilities_NSData.modulemap",
					"-Xcc",
					"-fmodule-map-file=$(SRCROOT)/../../Tuist/.build/tuist-derived/GoogleUtilities_Network/GoogleUtilities_Network.modulemap",
					"-Xcc",
					"-fmodule-map-file=$(SRCROOT)/../../Tuist/.build/tuist-derived/GoogleUtilities_Reachability/GoogleUtilities_Reachability.modulemap",
					"-Xcc",
					"-fmodule-map-file=$(SRCROOT)/../../Tuist/.build/tuist-derived/RecaptchaInterop/RecaptchaInterop.modulemap",
					"-Xcc",
					"-fmodule-map-file=$(SRCROOT)/../../Tuist/.build/tuist-derived/third_party_IsAppEncrypted/third_party_IsAppEncrypted.modulemap",
				);
				PRODUCT_BUNDLE_IDENTIFIER = com.yeo.flyleaf.dev;
				PRODUCT_NAME = FlyleafDev;
				SDKROOT = iphoneos;
				SUPPORTS_MACCATALYST = NO;
				SUPPORTS_MAC_DESIGNED_FOR_IPHONE_IPAD = YES;
				SUPPORTS_XR_DESIGNED_FOR_IPHONE_IPAD = NO;
				SWIFT_ACTIVE_COMPILATION_CONDITIONS = (
					"$(inherited)",
					DEBUG,
				);
				SWIFT_COMPILATION_MODE = singlefile;
				SWIFT_OPTIMIZATION_LEVEL = "-Onone";
				SWIFT_VERSION = 5.0;
				TARGETED_DEVICE_FAMILY = "1,2";
			};
			name = Debug;
		};
/* End XCBuildConfiguration section */

/* Begin XCConfigurationList section */
		8506BEF12474D1B7C41D9FA5 /* Build configuration list for PBXNativeTarget "FlyleafDev" */ = {
			isa = XCConfigurationList;
			buildConfigurations = (
				FAA36000FAC7B03AE55986AF /* Debug */,
				9E022D158622F953C0B45D8F /* Release */,
			);
			defaultConfigurationIsVisible = 0;
			defaultConfigurationName = Release;
		};
		B3FD05C59F197F398A0B04AB /* Build configuration list for PBXProject "App" */ = {
			isa = XCConfigurationList;
			buildConfigurations = (
				F61063B78755D98B1B9C3697 /* Debug */,
				5C9EF0E6AF4F9491454DE177 /* Release */,
			);
			defaultConfigurationIsVisible = 0;
			defaultConfigurationName = Release;
		};
/* End XCConfigurationList section */
	};
	rootObject = 6B590BF25178DC7D824D09CE /* Project object */;
}
