// !$*UTF8*$!
{
	archiveVersion = 1;
	classes = {
	};
	objectVersion = 55;
	objects = {

/* Begin PBXBuildFile section */
		05C640AC172ECB02A675D38B /* LoginFeature.framework in Frameworks */ = {isa = PBXBuildFile; fileRef = FAC3185666813FAFE43DFAEB /* LoginFeature.framework */; };
		23BA38C8EAD533D9450A85FB /* LoginInterface.framework in Frameworks */ = {isa = PBXBuildFile; fileRef = 11FBD0E3955244E07BE153F0 /* LoginInterface.framework */; };
		3514065FEEC2EB1BBAE21D22 /* LoginInterface.framework in Embed Frameworks */ = {isa = PBXBuildFile; fileRef = 11FBD0E3955244E07BE153F0 /* LoginInterface.framework */; settings = {ATTRIBUTES = (CodeSignOnCopy, RemoveHeadersOnCopy, ); }; };
		3FDFD9C268C5F9993ACD4C56 /* LoginFeature.framework in Frameworks */ = {isa = PBXBuildFile; fileRef = FAC3185666813FAFE43DFAEB /* LoginFeature.framework */; };
		4FF71F03B52E7B6D8F585894 /* LoginInterface.framework in Frameworks */ = {isa = PBXBuildFile; fileRef = 11FBD0E3955244E07BE153F0 /* LoginInterface.framework */; };
		5042A6ED2EE63C8A1F7F876A /* DesignSystem.framework in Frameworks */ = {isa = PBXBuildFile; fileRef = 916D5885EC6AA033A601DAFD /* DesignSystem.framework */; };
		54B44D217C77497995353E15 /* LoginFeature.framework in Embed Frameworks */ = {isa = PBXBuildFile; fileRef = FAC3185666813FAFE43DFAEB /* LoginFeature.framework */; settings = {ATTRIBUTES = (CodeSignOnCopy, RemoveHeadersOnCopy, ); }; };
		5A34942EA90EE080CC93F2B8 /* LoginFeatureTests.swift in Sources */ = {isa = PBXBuildFile; fileRef = 71A193EB673C2D8098D25701 /* LoginFeatureTests.swift */; };
		5C22A8E31318E407CE0ACAC8 /* LoginInterface.framework in Frameworks */ = {isa = PBXBuildFile; fileRef = 11FBD0E3955244E07BE153F0 /* LoginInterface.framework */; };
		63C11B62EDECCAF0C4735537 /* Then.framework in Frameworks */ = {isa = PBXBuildFile; fileRef = 9A9C214589834256AC9DD6AB /* Then.framework */; };
		69337A8A3B7030BE875B5AD5 /* AppDelegate.swift in Sources */ = {isa = PBXBuildFile; fileRef = 0220D760F57ACC2FF207269C /* AppDelegate.swift */; };
		70E33EC433348CAF199B839B /* Then.framework in Embed Frameworks */ = {isa = PBXBuildFile; fileRef = 9A9C214589834256AC9DD6AB /* Then.framework */; settings = {ATTRIBUTES = (CodeSignOnCopy, RemoveHeadersOnCopy, ); }; };
		7CD96E75B4ED5EE8F591D120 /* Core.framework in Frameworks */ = {isa = PBXBuildFile; fileRef = 672078D2E829523D8CBFE44A /* Core.framework */; };
		83E425E99AD9610A4CA860C8 /* Core.framework in Frameworks */ = {isa = PBXBuildFile; fileRef = 672078D2E829523D8CBFE44A /* Core.framework */; };
		83F4B25DA7A8372B93E09540 /* LoginTestingPlaceholder.swift in Sources */ = {isa = PBXBuildFile; fileRef = CAF3DF1EDA82C7396A558135 /* LoginTestingPlaceholder.swift */; };
		889AD62CE6214E1A27BA60B9 /* LoginInterface.framework in Frameworks */ = {isa = PBXBuildFile; fileRef = 11FBD0E3955244E07BE153F0 /* LoginInterface.framework */; };
		903A57D4B891742740F67ADD /* Core.framework in Embed Frameworks */ = {isa = PBXBuildFile; fileRef = 672078D2E829523D8CBFE44A /* Core.framework */; settings = {ATTRIBUTES = (CodeSignOnCopy, RemoveHeadersOnCopy, ); }; };
		9227FEEAB41D8C995C77E263 /* Core.framework in Frameworks */ = {isa = PBXBuildFile; fileRef = 672078D2E829523D8CBFE44A /* Core.framework */; };
		9E2D78E7D0E47A1DBEA020A5 /* SnapKit.framework in Embed Frameworks */ = {isa = PBXBuildFile; fileRef = A78DFB39E6F2ADF7C38CFA79 /* SnapKit.framework */; settings = {ATTRIBUTES = (CodeSignOnCopy, RemoveHeadersOnCopy, ); }; };
		AE0D8FC7E63ED465DB3DF3DF /* SceneDelegate.swift in Sources */ = {isa = PBXBuildFile; fileRef = D0CE6565134B39D4CAB37FD6 /* SceneDelegate.swift */; };
		B18C761FAF79561E121A280D /* DesignSystem.framework in Embed Frameworks */ = {isa = PBXBuildFile; fileRef = 916D5885EC6AA033A601DAFD /* DesignSystem.framework */; settings = {ATTRIBUTES = (CodeSignOnCopy, RemoveHeadersOnCopy, ); }; };
		C4603F421F5BF4FDE966A0FC /* LoginRootViewController.swift in Sources */ = {isa = PBXBuildFile; fileRef = B8CBFA5CB73840E677C77B60 /* LoginRootViewController.swift */; };
		C86A3DB76C9C4ABE7CE55794 /* SnapKit.framework in Frameworks */ = {isa = PBXBuildFile; fileRef = A78DFB39E6F2ADF7C38CFA79 /* SnapKit.framework */; };
		EF418BB234A03544CFC8E554 /* LoginInterfacePlaceholder.swift in Sources */ = {isa = PBXBuildFile; fileRef = 71DB5668793C3D10DD34AB2C /* LoginInterfacePlaceholder.swift */; };
		F7427F5BCF1FAD5ED2DFF490 /* LoginTesting.framework in Frameworks */ = {isa = PBXBuildFile; fileRef = 994492FA3C9FAAC9617B73A7 /* LoginTesting.framework */; };
/* End PBXBuildFile section */

/* Begin PBXContainerItemProxy section */
		5546E142667AC2F203BE6944 /* PBXContainerItemProxy */ = {
			isa = PBXContainerItemProxy;
			containerPortal = 353B4020F35CB9C9FFC126AA /* Project object */;
			proxyType = 1;
			remoteGlobalIDString = 1D73E72CE303E2C3DEBD6112;
			remoteInfo = LoginInterface;
		};
		7A156DBCF279C0837F3A0949 /* PBXContainerItemProxy */ = {
			isa = PBXContainerItemProxy;
			containerPortal = 353B4020F35CB9C9FFC126AA /* Project object */;
			proxyType = 1;
			remoteGlobalIDString = 1D73E72CE303E2C3DEBD6112;
			remoteInfo = LoginInterface;
		};
		8CDE944204905CE4AC25EBB1 /* PBXContainerItemProxy */ = {
			isa = PBXContainerItemProxy;
			containerPortal = 353B4020F35CB9C9FFC126AA /* Project object */;
			proxyType = 1;
			remoteGlobalIDString = 044F34641743125B5285B048;
			remoteInfo = LoginFeature;
		};
		A758820E3F100AE2BE573DCB /* PBXContainerItemProxy */ = {
			isa = PBXContainerItemProxy;
			containerPortal = 353B4020F35CB9C9FFC126AA /* Project object */;
			proxyType = 1;
			remoteGlobalIDString = 1D73E72CE303E2C3DEBD6112;
			remoteInfo = LoginInterface;
		};
		C24557F27579A6E01F92C134 /* PBXContainerItemProxy */ = {
			isa = PBXContainerItemProxy;
			containerPortal = 353B4020F35CB9C9FFC126AA /* Project object */;
			proxyType = 1;
			remoteGlobalIDString = 3CA6207747226A8CA3E7B19E;
			remoteInfo = LoginTesting;
		};
		D49EC65CC47CAC44C30ADCDB /* PBXContainerItemProxy */ = {
			isa = PBXContainerItemProxy;
			containerPortal = 353B4020F35CB9C9FFC126AA /* Project object */;
			proxyType = 1;
			remoteGlobalIDString = 044F34641743125B5285B048;
			remoteInfo = LoginFeature;
		};
		FA93234EC1FBDAD72B319485 /* PBXContainerItemProxy */ = {
			isa = PBXContainerItemProxy;
			containerPortal = 353B4020F35CB9C9FFC126AA /* Project object */;
			proxyType = 1;
			remoteGlobalIDString = 1D73E72CE303E2C3DEBD6112;
			remoteInfo = LoginInterface;
		};
/* End PBXContainerItemProxy section */

/* Begin PBXCopyFilesBuildPhase section */
		32FA4828471222B19566AD13 /* Embed Frameworks */ = {
			isa = PBXCopyFilesBuildPhase;
			buildActionMask = 2147483647;
			dstPath = "";
			dstSubfolderSpec = 10;
			files = (
				903A57D4B891742740F67ADD /* Core.framework in Embed Frameworks */,
				B18C761FAF79561E121A280D /* DesignSystem.framework in Embed Frameworks */,
				54B44D217C77497995353E15 /* LoginFeature.framework in Embed Frameworks */,
				3514065FEEC2EB1BBAE21D22 /* LoginInterface.framework in Embed Frameworks */,
				9E2D78E7D0E47A1DBEA020A5 /* SnapKit.framework in Embed Frameworks */,
				70E33EC433348CAF199B839B /* Then.framework in Embed Frameworks */,
			);
			name = "Embed Frameworks";
			runOnlyForDeploymentPostprocessing = 0;
		};
		6C5FC316B0F27C13C4B07A2B /* Embed Frameworks */ = {
			isa = PBXCopyFilesBuildPhase;
			buildActionMask = 2147483647;
			dstPath = "";
			dstSubfolderSpec = 10;
			files = (
			);
			name = "Embed Frameworks";
			runOnlyForDeploymentPostprocessing = 0;
		};
		9117DA8C862D6E05999A97FA /* Embed Frameworks */ = {
			isa = PBXCopyFilesBuildPhase;
			buildActionMask = 2147483647;
			dstPath = "";
			dstSubfolderSpec = 10;
			files = (
			);
			name = "Embed Frameworks";
			runOnlyForDeploymentPostprocessing = 0;
		};
		B35A206CEA66F72D4C49AC68 /* Embed Frameworks */ = {
			isa = PBXCopyFilesBuildPhase;
			buildActionMask = 2147483647;
			dstPath = "";
			dstSubfolderSpec = 10;
			files = (
			);
			name = "Embed Frameworks";
			runOnlyForDeploymentPostprocessing = 0;
		};
		B6373D53B4BC58F69CF9D30C /* Embed Frameworks */ = {
			isa = PBXCopyFilesBuildPhase;
			buildActionMask = 2147483647;
			dstPath = "";
			dstSubfolderSpec = 10;
			files = (
			);
			name = "Embed Frameworks";
			runOnlyForDeploymentPostprocessing = 0;
		};
/* End PBXCopyFilesBuildPhase section */

/* Begin PBXFileReference section */
		0220D760F57ACC2FF207269C /* AppDelegate.swift */ = {isa = PBXFileReference; lastKnownFileType = sourcecode.swift; path = AppDelegate.swift; sourceTree = "<group>"; };
		11FBD0E3955244E07BE153F0 /* LoginInterface.framework */ = {isa = PBXFileReference; explicitFileType = wrapper.framework; includeInIndex = 0; path = LoginInterface.framework; sourceTree = BUILT_PRODUCTS_DIR; };
		4814F912DE8AB00326B217C3 /* LoginExample.app */ = {isa = PBXFileReference; explicitFileType = wrapper.application; includeInIndex = 0; path = LoginExample.app; sourceTree = BUILT_PRODUCTS_DIR; };
		672078D2E829523D8CBFE44A /* Core.framework */ = {isa = PBXFileReference; explicitFileType = wrapper.framework; includeInIndex = 0; path = Core.framework; sourceTree = BUILT_PRODUCTS_DIR; };
		71A193EB673C2D8098D25701 /* LoginFeatureTests.swift */ = {isa = PBXFileReference; lastKnownFileType = sourcecode.swift; path = LoginFeatureTests.swift; sourceTree = "<group>"; };
		71DB5668793C3D10DD34AB2C /* LoginInterfacePlaceholder.swift */ = {isa = PBXFileReference; lastKnownFileType = sourcecode.swift; path = LoginInterfacePlaceholder.swift; sourceTree = "<group>"; };
		72D21628961E74D99945474E /* LoginTests-Info.plist */ = {isa = PBXFileReference; lastKnownFileType = text.plist; path = "LoginTests-Info.plist"; sourceTree = "<group>"; };
		7A7B89A8DCFF8A9C18F8E2D9 /* LoginFeature-Info.plist */ = {isa = PBXFileReference; lastKnownFileType = text.plist; path = "LoginFeature-Info.plist"; sourceTree = "<group>"; };
		8F5167174783BC71F6FC048C /* LoginTesting-Info.plist */ = {isa = PBXFileReference; lastKnownFileType = text.plist; path = "LoginTesting-Info.plist"; sourceTree = "<group>"; };
		903A128589408F3765342864 /* LoginInterface-Info.plist */ = {isa = PBXFileReference; lastKnownFileType = text.plist; path = "LoginInterface-Info.plist"; sourceTree = "<group>"; };
		916D5885EC6AA033A601DAFD /* DesignSystem.framework */ = {isa = PBXFileReference; explicitFileType = wrapper.framework; includeInIndex = 0; path = DesignSystem.framework; sourceTree = BUILT_PRODUCTS_DIR; };
		994492FA3C9FAAC9617B73A7 /* LoginTesting.framework */ = {isa = PBXFileReference; explicitFileType = wrapper.framework; includeInIndex = 0; path = LoginTesting.framework; sourceTree = BUILT_PRODUCTS_DIR; };
		9A9C214589834256AC9DD6AB /* Then.framework */ = {isa = PBXFileReference; explicitFileType = wrapper.framework; includeInIndex = 0; path = Then.framework; sourceTree = BUILT_PRODUCTS_DIR; };
		A6D197429DF4204F655968BA /* LoginTests.xctest */ = {isa = PBXFileReference; explicitFileType = wrapper.cfbundle; includeInIndex = 0; path = LoginTests.xctest; sourceTree = BUILT_PRODUCTS_DIR; };
		A78DFB39E6F2ADF7C38CFA79 /* SnapKit.framework */ = {isa = PBXFileReference; explicitFileType = wrapper.framework; includeInIndex = 0; path = SnapKit.framework; sourceTree = BUILT_PRODUCTS_DIR; };
		B8CBFA5CB73840E677C77B60 /* LoginRootViewController.swift */ = {isa = PBXFileReference; lastKnownFileType = sourcecode.swift; path = LoginRootViewController.swift; sourceTree = "<group>"; };
		C651B0D0EFD01000DA87826A /* LoginExample-Info.plist */ = {isa = PBXFileReference; lastKnownFileType = text.plist; path = "LoginExample-Info.plist"; sourceTree = "<group>"; };
		CAF3DF1EDA82C7396A558135 /* LoginTestingPlaceholder.swift */ = {isa = PBXFileReference; lastKnownFileType = sourcecode.swift; path = LoginTestingPlaceholder.swift; sourceTree = "<group>"; };
		D0CE6565134B39D4CAB37FD6 /* SceneDelegate.swift */ = {isa = PBXFileReference; lastKnownFileType = sourcecode.swift; path = SceneDelegate.swift; sourceTree = "<group>"; };
		FAC3185666813FAFE43DFAEB /* LoginFeature.framework */ = {isa = PBXFileReference; explicitFileType = wrapper.framework; includeInIndex = 0; path = LoginFeature.framework; sourceTree = BUILT_PRODUCTS_DIR; };
/* End PBXFileReference section */

/* Begin PBXFrameworksBuildPhase section */
		2EDBEFCEE0C3BA5048A11A44 /* Frameworks */ = {
			isa = PBXFrameworksBuildPhase;
			buildActionMask = 2147483647;
			files = (
				9227FEEAB41D8C995C77E263 /* Core.framework in Frameworks */,
			);
			runOnlyForDeploymentPostprocessing = 0;
		};
		3D8DC2BF3C40A24ACC4F4011 /* Frameworks */ = {
			isa = PBXFrameworksBuildPhase;
			buildActionMask = 2147483647;
			files = (
				83E425E99AD9610A4CA860C8 /* Core.framework in Frameworks */,
				4FF71F03B52E7B6D8F585894 /* LoginInterface.framework in Frameworks */,
			);
			runOnlyForDeploymentPostprocessing = 0;
		};
		5F31C3B2A13C348997F74142 /* Frameworks */ = {
			isa = PBXFrameworksBuildPhase;
			buildActionMask = 2147483647;
			files = (
				7CD96E75B4ED5EE8F591D120 /* Core.framework in Frameworks */,
				5042A6ED2EE63C8A1F7F876A /* DesignSystem.framework in Frameworks */,
				5C22A8E31318E407CE0ACAC8 /* LoginInterface.framework in Frameworks */,
				C86A3DB76C9C4ABE7CE55794 /* SnapKit.framework in Frameworks */,
				63C11B62EDECCAF0C4735537 /* Then.framework in Frameworks */,
			);
			runOnlyForDeploymentPostprocessing = 0;
		};
		91FC9C906EABAEE7F3AF305C /* Frameworks */ = {
			isa = PBXFrameworksBuildPhase;
			buildActionMask = 2147483647;
			files = (
				3FDFD9C268C5F9993ACD4C56 /* LoginFeature.framework in Frameworks */,
				889AD62CE6214E1A27BA60B9 /* LoginInterface.framework in Frameworks */,
				F7427F5BCF1FAD5ED2DFF490 /* LoginTesting.framework in Frameworks */,
			);
			runOnlyForDeploymentPostprocessing = 0;
		};
		CB7C4BDB2387332D026BE891 /* Frameworks */ = {
			isa = PBXFrameworksBuildPhase;
			buildActionMask = 2147483647;
			files = (
				05C640AC172ECB02A675D38B /* LoginFeature.framework in Frameworks */,
				23BA38C8EAD533D9450A85FB /* LoginInterface.framework in Frameworks */,
			);
			runOnlyForDeploymentPostprocessing = 0;
		};
/* End PBXFrameworksBuildPhase section */

/* Begin PBXGroup section */
		0D1C156EBDDF9D8B6E600D3D /* Tests */ = {
			isa = PBXGroup;
			children = (
				71A193EB673C2D8098D25701 /* LoginFeatureTests.swift */,
			);
			path = Tests;
			sourceTree = "<group>";
		};
		119C802FE89DC25B4497CC55 /* Sources */ = {
			isa = PBXGroup;
			children = (
				71DB5668793C3D10DD34AB2C /* LoginInterfacePlaceholder.swift */,
			);
			path = Sources;
			sourceTree = "<group>";
		};
		212E49CF4F45A085BC2440DF /* Derived */ = {
			isa = PBXGroup;
			children = (
				47D08CC30AC651152A01B24B /* InfoPlists */,
			);
			path = Derived;
			sourceTree = "<group>";
		};
		275CA20C12D61868FDE00BD5 /* Products */ = {
			isa = PBXGroup;
			children = (
				672078D2E829523D8CBFE44A /* Core.framework */,
				916D5885EC6AA033A601DAFD /* DesignSystem.framework */,
				4814F912DE8AB00326B217C3 /* LoginExample.app */,
				FAC3185666813FAFE43DFAEB /* LoginFeature.framework */,
				11FBD0E3955244E07BE153F0 /* LoginInterface.framework */,
				994492FA3C9FAAC9617B73A7 /* LoginTesting.framework */,
				A6D197429DF4204F655968BA /* LoginTests.xctest */,
				A78DFB39E6F2ADF7C38CFA79 /* SnapKit.framework */,
				9A9C214589834256AC9DD6AB /* Then.framework */,
			);
			name = Products;
			sourceTree = "<group>";
		};
		2ADF0C0487891855688CFC0D /* Sources */ = {
			isa = PBXGroup;
			children = (
				0220D760F57ACC2FF207269C /* AppDelegate.swift */,
				D0CE6565134B39D4CAB37FD6 /* SceneDelegate.swift */,
			);
			path = Sources;
			sourceTree = "<group>";
		};
		3A8FBFB84969A641BAA52F0F /* Sources */ = {
			isa = PBXGroup;
			children = (
				CAF3DF1EDA82C7396A558135 /* LoginTestingPlaceholder.swift */,
			);
			path = Sources;
			sourceTree = "<group>";
		};
		431E80D85556FD305963469A /* LoginInterface */ = {
			isa = PBXGroup;
			children = (
				119C802FE89DC25B4497CC55 /* Sources */,
			);
			path = LoginInterface;
			sourceTree = "<group>";
		};
		47D08CC30AC651152A01B24B /* InfoPlists */ = {
			isa = PBXGroup;
			children = (
				C651B0D0EFD01000DA87826A /* LoginExample-Info.plist */,
				7A7B89A8DCFF8A9C18F8E2D9 /* LoginFeature-Info.plist */,
				903A128589408F3765342864 /* LoginInterface-Info.plist */,
				8F5167174783BC71F6FC048C /* LoginTesting-Info.plist */,
				72D21628961E74D99945474E /* LoginTests-Info.plist */,
			);
			path = InfoPlists;
			sourceTree = "<group>";
		};
		4D183B323CF46780A73162C5 /* LoginFeature */ = {
			isa = PBXGroup;
			children = (
				D344FF0AA4E0F63A413B7551 /* Sources */,
			);
			path = LoginFeature;
			sourceTree = "<group>";
		};
		996B98FE022D34AA551FD002 /* LoginTests */ = {
			isa = PBXGroup;
			children = (
				0D1C156EBDDF9D8B6E600D3D /* Tests */,
			);
			path = LoginTests;
			sourceTree = "<group>";
		};
		A19BD00EC1C84FD92121B04F /* Project */ = {
			isa = PBXGroup;
			children = (
				212E49CF4F45A085BC2440DF /* Derived */,
				D23840BE67C098590EA9DD39 /* LoginExample */,
				4D183B323CF46780A73162C5 /* LoginFeature */,
				431E80D85556FD305963469A /* LoginInterface */,
				F132030DA3C8B1BEBFA1919D /* LoginTesting */,
				996B98FE022D34AA551FD002 /* LoginTests */,
			);
			name = Project;
			sourceTree = "<group>";
		};
		D23840BE67C098590EA9DD39 /* LoginExample */ = {
			isa = PBXGroup;
			children = (
				2ADF0C0487891855688CFC0D /* Sources */,
			);
			path = LoginExample;
			sourceTree = "<group>";
		};
		D344FF0AA4E0F63A413B7551 /* Sources */ = {
			isa = PBXGroup;
			children = (
				B8CBFA5CB73840E677C77B60 /* LoginRootViewController.swift */,
			);
			path = Sources;
			sourceTree = "<group>";
		};
		E31225F45B959E9057547147 = {
			isa = PBXGroup;
			children = (
				A19BD00EC1C84FD92121B04F /* Project */,
				275CA20C12D61868FDE00BD5 /* Products */,
			);
			sourceTree = "<group>";
		};
		F132030DA3C8B1BEBFA1919D /* LoginTesting */ = {
			isa = PBXGroup;
			children = (
				3A8FBFB84969A641BAA52F0F /* Sources */,
			);
			path = LoginTesting;
			sourceTree = "<group>";
		};
/* End PBXGroup section */

/* Begin PBXNativeTarget section */
		044F34641743125B5285B048 /* LoginFeature */ = {
			isa = PBXNativeTarget;
			buildConfigurationList = 3CA360AE4B01F779403069FF /* Build configuration list for PBXNativeTarget "LoginFeature" */;
			buildPhases = (
				1EA91D388D0BA5E73E1363D0 /* Sources */,
				507D40CC3CC42A0C4C62CED0 /* Resources */,
				5F31C3B2A13C348997F74142 /* Frameworks */,
				B35A206CEA66F72D4C49AC68 /* Embed Frameworks */,
			);
			buildRules = (
			);
			dependencies = (
				F38E24CAA73C2D56EF3AFFBC /* PBXTargetDependency */,
			);
			name = LoginFeature;
			packageProductDependencies = (
			);
			productName = LoginFeature;
			productReference = FAC3185666813FAFE43DFAEB /* LoginFeature.framework */;
			productType = "com.apple.product-type.framework";
		};
		0F50DF1B9B036935EFC7C346 /* LoginExample */ = {
			isa = PBXNativeTarget;
			buildConfigurationList = 013877DD4CE30E74633E0BB7 /* Build configuration list for PBXNativeTarget "LoginExample" */;
			buildPhases = (
				04D8DAB5B2E8D0FAFDECC036 /* Sources */,
				F51FEC0DD09A773244F509E9 /* Resources */,
				CB7C4BDB2387332D026BE891 /* Frameworks */,
				32FA4828471222B19566AD13 /* Embed Frameworks */,
			);
			buildRules = (
			);
			dependencies = (
				4122321A998DFCB4A752618B /* PBXTargetDependency */,
				E6F3C5C69D0662E8AA3EBAE3 /* PBXTargetDependency */,
			);
			name = LoginExample;
			packageProductDependencies = (
			);
			productName = LoginExample;
			productReference = 4814F912DE8AB00326B217C3 /* LoginExample.app */;
			productType = "com.apple.product-type.application";
		};
		1D73E72CE303E2C3DEBD6112 /* LoginInterface */ = {
			isa = PBXNativeTarget;
			buildConfigurationList = F4D55EF643D0AD6DA50E415C /* Build configuration list for PBXNativeTarget "LoginInterface" */;
			buildPhases = (
				EF2BCF37BE61EA1C76CF530A /* Sources */,
				783DB0D8FCE356A1206C068C /* Resources */,
				2EDBEFCEE0C3BA5048A11A44 /* Frameworks */,
				6C5FC316B0F27C13C4B07A2B /* Embed Frameworks */,
			);
			buildRules = (
			);
			dependencies = (
			);
			name = LoginInterface;
			packageProductDependencies = (
			);
			productName = LoginInterface;
			productReference = 11FBD0E3955244E07BE153F0 /* LoginInterface.framework */;
			productType = "com.apple.product-type.framework";
		};
		3CA6207747226A8CA3E7B19E /* LoginTesting */ = {
			isa = PBXNativeTarget;
			buildConfigurationList = CD2E990C1AF269C8C9AD3C64 /* Build configuration list for PBXNativeTarget "LoginTesting" */;
			buildPhases = (
				80C26BE097B1CCA2DAC13B43 /* Sources */,
				96AFA62D2F52FC5CE1A493D6 /* Resources */,
				3D8DC2BF3C40A24ACC4F4011 /* Frameworks */,
				B6373D53B4BC58F69CF9D30C /* Embed Frameworks */,
			);
			buildRules = (
			);
			dependencies = (
				F8BD1E51DAD7D068CB7362EB /* PBXTargetDependency */,
			);
			name = LoginTesting;
			packageProductDependencies = (
			);
			productName = LoginTesting;
			productReference = 994492FA3C9FAAC9617B73A7 /* LoginTesting.framework */;
			productType = "com.apple.product-type.framework";
		};
		8EC12D40A59F4E845C71699F /* LoginTests */ = {
			isa = PBXNativeTarget;
			buildConfigurationList = E39B38B05B7D2955A18A25CD /* Build configuration list for PBXNativeTarget "LoginTests" */;
			buildPhases = (
				C0081F67FF6A6DE6578B49A6 /* Sources */,
				3E3F6B6D3E768C3C582528F0 /* Resources */,
				91FC9C906EABAEE7F3AF305C /* Frameworks */,
				9117DA8C862D6E05999A97FA /* Embed Frameworks */,
			);
			buildRules = (
			);
			dependencies = (
				74DD666320449BB8E325EB2E /* PBXTargetDependency */,
				B0630725C503F97784BC4D83 /* PBXTargetDependency */,
				789FD869B892E3A3DC21AA3C /* PBXTargetDependency */,
			);
			name = LoginTests;
			packageProductDependencies = (
			);
			productName = LoginTests;
			productReference = A6D197429DF4204F655968BA /* LoginTests.xctest */;
			productType = "com.apple.product-type.bundle.unit-test";
		};
/* End PBXNativeTarget section */

/* Begin PBXProject section */
		353B4020F35CB9C9FFC126AA /* Project object */ = {
			isa = PBXProject;
			attributes = {
				BuildIndependentTargetsInParallel = YES;
				TargetAttributes = {
				};
			};
			buildConfigurationList = 6C10079AF94881EFE73379E4 /* Build configuration list for PBXProject "Login" */;
			compatibilityVersion = "Xcode 14.0";
			developmentRegion = en;
			hasScannedForEncodings = 0;
			knownRegions = (
				Base,
				en,
			);
			mainGroup = E31225F45B959E9057547147;
			productRefGroup = 275CA20C12D61868FDE00BD5 /* Products */;
			projectDirPath = "";
			projectRoot = "";
			targets = (
				0F50DF1B9B036935EFC7C346 /* LoginExample */,
				044F34641743125B5285B048 /* LoginFeature */,
				1D73E72CE303E2C3DEBD6112 /* LoginInterface */,
				3CA6207747226A8CA3E7B19E /* LoginTesting */,
				8EC12D40A59F4E845C71699F /* LoginTests */,
			);
		};
/* End PBXProject section */

/* Begin PBXResourcesBuildPhase section */
		3E3F6B6D3E768C3C582528F0 /* Resources */ = {
			isa = PBXResourcesBuildPhase;
			buildActionMask = 2147483647;
			files = (
			);
			runOnlyForDeploymentPostprocessing = 0;
		};
		507D40CC3CC42A0C4C62CED0 /* Resources */ = {
			isa = PBXResourcesBuildPhase;
			buildActionMask = 2147483647;
			files = (
			);
			runOnlyForDeploymentPostprocessing = 0;
		};
		783DB0D8FCE356A1206C068C /* Resources */ = {
			isa = PBXResourcesBuildPhase;
			buildActionMask = 2147483647;
			files = (
			);
			runOnlyForDeploymentPostprocessing = 0;
		};
		96AFA62D2F52FC5CE1A493D6 /* Resources */ = {
			isa = PBXResourcesBuildPhase;
			buildActionMask = 2147483647;
			files = (
			);
			runOnlyForDeploymentPostprocessing = 0;
		};
		F51FEC0DD09A773244F509E9 /* Resources */ = {
			isa = PBXResourcesBuildPhase;
			buildActionMask = 2147483647;
			files = (
			);
			runOnlyForDeploymentPostprocessing = 0;
		};
/* End PBXResourcesBuildPhase section */

/* Begin PBXSourcesBuildPhase section */
		04D8DAB5B2E8D0FAFDECC036 /* Sources */ = {
			isa = PBXSourcesBuildPhase;
			buildActionMask = 2147483647;
			files = (
				69337A8A3B7030BE875B5AD5 /* AppDelegate.swift in Sources */,
				AE0D8FC7E63ED465DB3DF3DF /* SceneDelegate.swift in Sources */,
			);
			runOnlyForDeploymentPostprocessing = 0;
		};
		1EA91D388D0BA5E73E1363D0 /* Sources */ = {
			isa = PBXSourcesBuildPhase;
			buildActionMask = 2147483647;
			files = (
				C4603F421F5BF4FDE966A0FC /* LoginRootViewController.swift in Sources */,
			);
			runOnlyForDeploymentPostprocessing = 0;
		};
		80C26BE097B1CCA2DAC13B43 /* Sources */ = {
			isa = PBXSourcesBuildPhase;
			buildActionMask = 2147483647;
			files = (
				83F4B25DA7A8372B93E09540 /* LoginTestingPlaceholder.swift in Sources */,
			);
			runOnlyForDeploymentPostprocessing = 0;
		};
		C0081F67FF6A6DE6578B49A6 /* Sources */ = {
			isa = PBXSourcesBuildPhase;
			buildActionMask = 2147483647;
			files = (
				5A34942EA90EE080CC93F2B8 /* LoginFeatureTests.swift in Sources */,
			);
			runOnlyForDeploymentPostprocessing = 0;
		};
		EF2BCF37BE61EA1C76CF530A /* Sources */ = {
			isa = PBXSourcesBuildPhase;
			buildActionMask = 2147483647;
			files = (
				EF418BB234A03544CFC8E554 /* LoginInterfacePlaceholder.swift in Sources */,
			);
			runOnlyForDeploymentPostprocessing = 0;
		};
/* End PBXSourcesBuildPhase section */

/* Begin PBXTargetDependency section */
		4122321A998DFCB4A752618B /* PBXTargetDependency */ = {
			isa = PBXTargetDependency;
			name = LoginFeature;
			target = 044F34641743125B5285B048 /* LoginFeature */;
			targetProxy = D49EC65CC47CAC44C30ADCDB /* PBXContainerItemProxy */;
		};
		74DD666320449BB8E325EB2E /* PBXTargetDependency */ = {
			isa = PBXTargetDependency;
			name = LoginFeature;
			target = 044F34641743125B5285B048 /* LoginFeature */;
			targetProxy = 8CDE944204905CE4AC25EBB1 /* PBXContainerItemProxy */;
		};
		789FD869B892E3A3DC21AA3C /* PBXTargetDependency */ = {
			isa = PBXTargetDependency;
			name = LoginTesting;
			target = 3CA6207747226A8CA3E7B19E /* LoginTesting */;
			targetProxy = C24557F27579A6E01F92C134 /* PBXContainerItemProxy */;
		};
		B0630725C503F97784BC4D83 /* PBXTargetDependency */ = {
			isa = PBXTargetDependency;
			name = LoginInterface;
			target = 1D73E72CE303E2C3DEBD6112 /* LoginInterface */;
			targetProxy = A758820E3F100AE2BE573DCB /* PBXContainerItemProxy */;
		};
		E6F3C5C69D0662E8AA3EBAE3 /* PBXTargetDependency */ = {
			isa = PBXTargetDependency;
			name = LoginInterface;
			target = 1D73E72CE303E2C3DEBD6112 /* LoginInterface */;
			targetProxy = 7A156DBCF279C0837F3A0949 /* PBXContainerItemProxy */;
		};
		F38E24CAA73C2D56EF3AFFBC /* PBXTargetDependency */ = {
			isa = PBXTargetDependency;
			name = LoginInterface;
			target = 1D73E72CE303E2C3DEBD6112 /* LoginInterface */;
			targetProxy = 5546E142667AC2F203BE6944 /* PBXContainerItemProxy */;
		};
		F8BD1E51DAD7D068CB7362EB /* PBXTargetDependency */ = {
			isa = PBXTargetDependency;
			name = LoginInterface;
			target = 1D73E72CE303E2C3DEBD6112 /* LoginInterface */;
			targetProxy = FA93234EC1FBDAD72B319485 /* PBXContainerItemProxy */;
		};
/* End PBXTargetDependency section */

/* Begin XCBuildConfiguration section */
		03AE01A1F72F8870999389E5 /* Debug */ = {
			isa = XCBuildConfiguration;
			buildSettings = {
				CODE_SIGN_IDENTITY = "iPhone Developer";
				INFOPLIST_FILE = "Derived/InfoPlists/LoginTests-Info.plist";
				LD_RUNPATH_SEARCH_PATHS = (
					"$(inherited)",
					"@executable_path/Frameworks",
					"@loader_path/Frameworks",
				);
				PRODUCT_BUNDLE_IDENTIFIER = com.yeo.flyleaf.login.tests;
				PRODUCT_NAME = LoginTests;
				SDKROOT = iphoneos;
				SUPPORTS_MACCATALYST = NO;
				SUPPORTS_MAC_DESIGNED_FOR_IPHONE_IPAD = YES;
				SUPPORTS_XR_DESIGNED_FOR_IPHONE_IPAD = NO;
				SWIFT_ACTIVE_COMPILATION_CONDITIONS = (
					"$(inherited)",
					DEBUG,
				);
				SWIFT_COMPILATION_MODE = singlefile;
				SWIFT_OPTIMIZATION_LEVEL = "-Onone";
				SWIFT_VERSION = 5.0;
				TARGETED_DEVICE_FAMILY = "1,2";
			};
			name = Debug;
		};
		044857E1CE0343F9C114349E /* Release */ = {
			isa = XCBuildConfiguration;
			buildSettings = {
				CODE_SIGN_IDENTITY = "iPhone Developer";
				INFOPLIST_FILE = "Derived/InfoPlists/LoginTests-Info.plist";
				LD_RUNPATH_SEARCH_PATHS = (
					"$(inherited)",
					"@executable_path/Frameworks",
					"@loader_path/Frameworks",
				);
				PRODUCT_BUNDLE_IDENTIFIER = com.yeo.flyleaf.login.tests;
				PRODUCT_NAME = LoginTests;
				SDKROOT = iphoneos;
				SUPPORTS_MACCATALYST = NO;
				SUPPORTS_MAC_DESIGNED_FOR_IPHONE_IPAD = YES;
				SUPPORTS_XR_DESIGNED_FOR_IPHONE_IPAD = NO;
				SWIFT_COMPILATION_MODE = wholemodule;
				SWIFT_OPTIMIZATION_LEVEL = "-O";
				SWIFT_VERSION = 5.0;
				TARGETED_DEVICE_FAMILY = "1,2";
			};
			name = Release;
		};
		2821AA1432EF399660D4C432 /* Release */ = {
			isa = XCBuildConfiguration;
			buildSettings = {
				ASSETCATALOG_COMPILER_APPICON_NAME = AppIcon;
				ASSETCATALOG_COMPILER_GLOBAL_ACCENT_COLOR_NAME = AccentColor;
				CODE_SIGN_IDENTITY = "iPhone Developer";
				CODE_SIGN_STYLE = Automatic;
				DEVELOPMENT_TEAM = X67DB976UU;
				ENABLE_PREVIEWS = YES;
				INFOPLIST_FILE = "Derived/InfoPlists/LoginExample-Info.plist";
				LD_RUNPATH_SEARCH_PATHS = (
					"$(inherited)",
					"@executable_path/Frameworks",
				);
				PRODUCT_BUNDLE_IDENTIFIER = com.yeo.flyleaf.login.example;
				PRODUCT_NAME = LoginExample;
				SDKROOT = iphoneos;
				SUPPORTS_MACCATALYST = NO;
				SUPPORTS_MAC_DESIGNED_FOR_IPHONE_IPAD = YES;
				SUPPORTS_XR_DESIGNED_FOR_IPHONE_IPAD = NO;
				SWIFT_COMPILATION_MODE = wholemodule;
				SWIFT_OPTIMIZATION_LEVEL = "-O";
				SWIFT_VERSION = 5.0;
				TARGETED_DEVICE_FAMILY = "1,2";
			};
			name = Release;
		};
		2BCC3CFD57A4876D4C8129CE /* Release */ = {
			isa = XCBuildConfiguration;
			buildSettings = {
				CODE_SIGN_IDENTITY = "";
				CURRENT_PROJECT_VERSION = 1;
				DEFINES_MODULE = YES;
				DYLIB_COMPATIBILITY_VERSION = 1;
				DYLIB_CURRENT_VERSION = 1;
				DYLIB_INSTALL_NAME_BASE = "@rpath";
				INFOPLIST_FILE = "Derived/InfoPlists/LoginInterface-Info.plist";
				INSTALL_PATH = "$(LOCAL_LIBRARY_DIR)/Frameworks";
				LD_RUNPATH_SEARCH_PATHS = (
					"$(inherited)",
					"@executable_path/Frameworks",
					"@loader_path/Frameworks",
				);
				PRODUCT_BUNDLE_IDENTIFIER = com.yeo.flyleaf.login.interface;
				PRODUCT_NAME = LoginInterface;
				SDKROOT = iphoneos;
				SKIP_INSTALL = YES;
				SUPPORTS_MACCATALYST = NO;
				SUPPORTS_MAC_DESIGNED_FOR_IPHONE_IPAD = YES;
				SUPPORTS_XR_DESIGNED_FOR_IPHONE_IPAD = NO;
				SWIFT_COMPILATION_MODE = wholemodule;
				SWIFT_OPTIMIZATION_LEVEL = "-O";
				SWIFT_VERSION = 5.0;
				TARGETED_DEVICE_FAMILY = "1,2";
				VERSIONING_SYSTEM = "apple-generic";
				VERSION_INFO_PREFIX = "";
			};
			name = Release;
		};
		44FD1C21226C0D3F140F8B88 /* Debug */ = {
			isa = XCBuildConfiguration;
			buildSettings = {
				CODE_SIGN_IDENTITY = "";
				CURRENT_PROJECT_VERSION = 1;
				DEFINES_MODULE = YES;
				DYLIB_COMPATIBILITY_VERSION = 1;
				DYLIB_CURRENT_VERSION = 1;
				DYLIB_INSTALL_NAME_BASE = "@rpath";
				INFOPLIST_FILE = "Derived/InfoPlists/LoginInterface-Info.plist";
				INSTALL_PATH = "$(LOCAL_LIBRARY_DIR)/Frameworks";
				LD_RUNPATH_SEARCH_PATHS = (
					"$(inherited)",
					"@executable_path/Frameworks",
					"@loader_path/Frameworks",
				);
				PRODUCT_BUNDLE_IDENTIFIER = com.yeo.flyleaf.login.interface;
				PRODUCT_NAME = LoginInterface;
				SDKROOT = iphoneos;
				SKIP_INSTALL = YES;
				SUPPORTS_MACCATALYST = NO;
				SUPPORTS_MAC_DESIGNED_FOR_IPHONE_IPAD = YES;
				SUPPORTS_XR_DESIGNED_FOR_IPHONE_IPAD = NO;
				SWIFT_ACTIVE_COMPILATION_CONDITIONS = (
					"$(inherited)",
					DEBUG,
				);
				SWIFT_COMPILATION_MODE = singlefile;
				SWIFT_OPTIMIZATION_LEVEL = "-Onone";
				SWIFT_VERSION = 5.0;
				TARGETED_DEVICE_FAMILY = "1,2";
				VERSIONING_SYSTEM = "apple-generic";
				VERSION_INFO_PREFIX = "";
			};
			name = Debug;
		};
		52881EA6F8B52BA2A13CEE17 /* Release */ = {
			isa = XCBuildConfiguration;
			buildSettings = {
				CODE_SIGN_IDENTITY = "";
				CURRENT_PROJECT_VERSION = 1;
				DEFINES_MODULE = YES;
				DYLIB_COMPATIBILITY_VERSION = 1;
				DYLIB_CURRENT_VERSION = 1;
				DYLIB_INSTALL_NAME_BASE = "@rpath";
				INFOPLIST_FILE = "Derived/InfoPlists/LoginTesting-Info.plist";
				INSTALL_PATH = "$(LOCAL_LIBRARY_DIR)/Frameworks";
				LD_RUNPATH_SEARCH_PATHS = (
					"$(inherited)",
					"@executable_path/Frameworks",
					"@loader_path/Frameworks",
				);
				PRODUCT_BUNDLE_IDENTIFIER = com.yeo.flyleaf.login.testing;
				PRODUCT_NAME = LoginTesting;
				SDKROOT = iphoneos;
				SKIP_INSTALL = YES;
				SUPPORTS_MACCATALYST = NO;
				SUPPORTS_MAC_DESIGNED_FOR_IPHONE_IPAD = YES;
				SUPPORTS_XR_DESIGNED_FOR_IPHONE_IPAD = NO;
				SWIFT_COMPILATION_MODE = wholemodule;
				SWIFT_OPTIMIZATION_LEVEL = "-O";
				SWIFT_VERSION = 5.0;
				TARGETED_DEVICE_FAMILY = "1,2";
				VERSIONING_SYSTEM = "apple-generic";
				VERSION_INFO_PREFIX = "";
			};
			name = Release;
		};
		94B293C2D19EE7C88D8E89AC /* Debug */ = {
			isa = XCBuildConfiguration;
			buildSettings = {
				ALWAYS_SEARCH_USER_PATHS = NO;
				CLANG_ANALYZER_LOCALIZABILITY_NONLOCALIZED = YES;
				CLANG_ANALYZER_NONNULL = YES;
				CLANG_ANALYZER_NUMBER_OBJECT_CONVERSION = YES_AGGRESSIVE;
				CLANG_CXX_LANGUAGE_STANDARD = "gnu++14";
				CLANG_CXX_LIBRARY = "libc++";
				CLANG_ENABLE_MODULES = YES;
				CLANG_ENABLE_OBJC_ARC = YES;
				CLANG_ENABLE_OBJC_WEAK = YES;
				CLANG_WARN_BLOCK_CAPTURE_AUTORELEASING = YES;
				CLANG_WARN_BOOL_CONVERSION = YES;
				CLANG_WARN_COMMA = YES;
				CLANG_WARN_CONSTANT_CONVERSION = YES;
				CLANG_WARN_DEPRECATED_OBJC_IMPLEMENTATIONS = YES;
				CLANG_WARN_DIRECT_OBJC_ISA_USAGE = YES_ERROR;
				CLANG_WARN_DOCUMENTATION_COMMENTS = YES;
				CLANG_WARN_EMPTY_BODY = YES;
				CLANG_WARN_ENUM_CONVERSION = YES;
				CLANG_WARN_INFINITE_RECURSION = YES;
				CLANG_WARN_INT_CONVERSION = YES;
				CLANG_WARN_NON_LITERAL_NULL_CONVERSION = YES;
				CLANG_WARN_OBJC_IMPLICIT_RETAIN_SELF = YES;
				CLANG_WARN_OBJC_LITERAL_CONVERSION = YES;
				CLANG_WARN_OBJC_ROOT_CLASS = YES_ERROR;
				CLANG_WARN_QUOTED_INCLUDE_IN_FRAMEWORK_HEADER = YES;
				CLANG_WARN_RANGE_LOOP_ANALYSIS = YES;
				CLANG_WARN_STRICT_PROTOTYPES = YES;
				CLANG_WARN_SUSPICIOUS_MOVE = YES;
				CLANG_WARN_UNGUARDED_AVAILABILITY = YES_AGGRESSIVE;
				CLANG_WARN_UNREACHABLE_CODE = YES;
				CLANG_WARN__DUPLICATE_METHOD_MATCH = YES;
				COPY_PHASE_STRIP = NO;
				DEAD_CODE_STRIPPING = YES;
				DEBUG_INFORMATION_FORMAT = dwarf;
				ENABLE_STRICT_OBJC_MSGSEND = YES;
				ENABLE_TESTABILITY = YES;
				GCC_C_LANGUAGE_STANDARD = gnu11;
				GCC_DYNAMIC_NO_PIC = NO;
				GCC_NO_COMMON_BLOCKS = YES;
				GCC_OPTIMIZATION_LEVEL = 0;
				GCC_PREPROCESSOR_DEFINITIONS = (
					"DEBUG=1",
					"$(inherited)",
				);
				GCC_WARN_64_TO_32_BIT_CONVERSION = YES;
				GCC_WARN_ABOUT_RETURN_TYPE = YES_ERROR;
				GCC_WARN_UNDECLARED_SELECTOR = YES;
				GCC_WARN_UNINITIALIZED_AUTOS = YES_AGGRESSIVE;
				GCC_WARN_UNUSED_FUNCTION = YES;
				GCC_WARN_UNUSED_VARIABLE = YES;
				MTL_ENABLE_DEBUG_INFO = YES;
				ONLY_ACTIVE_ARCH = YES;
				PRODUCT_NAME = "$(TARGET_NAME)";
			};
			name = Debug;
		};
		AC148CB626A053C986F1F5BC /* Debug */ = {
			isa = XCBuildConfiguration;
			buildSettings = {
				CODE_SIGN_IDENTITY = "";
				CURRENT_PROJECT_VERSION = 1;
				DEFINES_MODULE = YES;
				DYLIB_COMPATIBILITY_VERSION = 1;
				DYLIB_CURRENT_VERSION = 1;
				DYLIB_INSTALL_NAME_BASE = "@rpath";
				INFOPLIST_FILE = "Derived/InfoPlists/LoginFeature-Info.plist";
				INSTALL_PATH = "$(LOCAL_LIBRARY_DIR)/Frameworks";
				LD_RUNPATH_SEARCH_PATHS = (
					"$(inherited)",
					"@executable_path/Frameworks",
					"@loader_path/Frameworks",
				);
				PRODUCT_BUNDLE_IDENTIFIER = com.yeo.flyleaf.login.feature;
				PRODUCT_NAME = LoginFeature;
				SDKROOT = iphoneos;
				SKIP_INSTALL = YES;
				SUPPORTS_MACCATALYST = NO;
				SUPPORTS_MAC_DESIGNED_FOR_IPHONE_IPAD = YES;
				SUPPORTS_XR_DESIGNED_FOR_IPHONE_IPAD = NO;
				SWIFT_ACTIVE_COMPILATION_CONDITIONS = (
					"$(inherited)",
					DEBUG,
				);
				SWIFT_COMPILATION_MODE = singlefile;
				SWIFT_OPTIMIZATION_LEVEL = "-Onone";
				SWIFT_VERSION = 5.0;
				TARGETED_DEVICE_FAMILY = "1,2";
				VERSIONING_SYSTEM = "apple-generic";
				VERSION_INFO_PREFIX = "";
			};
			name = Debug;
		};
		BC531DE985308C3E80C777AD /* Release */ = {
			isa = XCBuildConfiguration;
			buildSettings = {
				ALWAYS_SEARCH_USER_PATHS = NO;
				CLANG_ANALYZER_LOCALIZABILITY_NONLOCALIZED = YES;
				CLANG_ANALYZER_NONNULL = YES;
				CLANG_ANALYZER_NUMBER_OBJECT_CONVERSION = YES_AGGRESSIVE;
				CLANG_CXX_LANGUAGE_STANDARD = "gnu++14";
				CLANG_CXX_LIBRARY = "libc++";
				CLANG_ENABLE_MODULES = YES;
				CLANG_ENABLE_OBJC_ARC = YES;
				CLANG_ENABLE_OBJC_WEAK = YES;
				CLANG_WARN_BLOCK_CAPTURE_AUTORELEASING = YES;
				CLANG_WARN_BOOL_CONVERSION = YES;
				CLANG_WARN_COMMA = YES;
				CLANG_WARN_CONSTANT_CONVERSION = YES;
				CLANG_WARN_DEPRECATED_OBJC_IMPLEMENTATIONS = YES;
				CLANG_WARN_DIRECT_OBJC_ISA_USAGE = YES_ERROR;
				CLANG_WARN_DOCUMENTATION_COMMENTS = YES;
				CLANG_WARN_EMPTY_BODY = YES;
				CLANG_WARN_ENUM_CONVERSION = YES;
				CLANG_WARN_INFINITE_RECURSION = YES;
				CLANG_WARN_INT_CONVERSION = YES;
				CLANG_WARN_NON_LITERAL_NULL_CONVERSION = YES;
				CLANG_WARN_OBJC_IMPLICIT_RETAIN_SELF = YES;
				CLANG_WARN_OBJC_LITERAL_CONVERSION = YES;
				CLANG_WARN_OBJC_ROOT_CLASS = YES_ERROR;
				CLANG_WARN_QUOTED_INCLUDE_IN_FRAMEWORK_HEADER = YES;
				CLANG_WARN_RANGE_LOOP_ANALYSIS = YES;
				CLANG_WARN_STRICT_PROTOTYPES = YES;
				CLANG_WARN_SUSPICIOUS_MOVE = YES;
				CLANG_WARN_UNGUARDED_AVAILABILITY = YES_AGGRESSIVE;
				CLANG_WARN_UNREACHABLE_CODE = YES;
				CLANG_WARN__DUPLICATE_METHOD_MATCH = YES;
				COPY_PHASE_STRIP = NO;
				DEAD_CODE_STRIPPING = YES;
				DEBUG_INFORMATION_FORMAT = "dwarf-with-dsym";
				ENABLE_NS_ASSERTIONS = NO;
				ENABLE_STRICT_OBJC_MSGSEND = YES;
				GCC_C_LANGUAGE_STANDARD = gnu11;
				GCC_NO_COMMON_BLOCKS = YES;
				GCC_WARN_64_TO_32_BIT_CONVERSION = YES;
				GCC_WARN_ABOUT_RETURN_TYPE = YES_ERROR;
				GCC_WARN_UNDECLARED_SELECTOR = YES;
				GCC_WARN_UNINITIALIZED_AUTOS = YES_AGGRESSIVE;
				GCC_WARN_UNUSED_FUNCTION = YES;
				GCC_WARN_UNUSED_VARIABLE = YES;
				MTL_ENABLE_DEBUG_INFO = NO;
				PRODUCT_NAME = "$(TARGET_NAME)";
				VALIDATE_PRODUCT = YES;
			};
			name = Release;
		};
		C5205E86EC91451585C43A17 /* Debug */ = {
			isa = XCBuildConfiguration;
			buildSettings = {
				ASSETCATALOG_COMPILER_APPICON_NAME = AppIcon;
				ASSETCATALOG_COMPILER_GLOBAL_ACCENT_COLOR_NAME = AccentColor;
				CODE_SIGN_IDENTITY = "iPhone Developer";
				CODE_SIGN_STYLE = Automatic;
				DEVELOPMENT_TEAM = X67DB976UU;
				ENABLE_PREVIEWS = YES;
				INFOPLIST_FILE = "Derived/InfoPlists/LoginExample-Info.plist";
				LD_RUNPATH_SEARCH_PATHS = (
					"$(inherited)",
					"@executable_path/Frameworks",
				);
				PRODUCT_BUNDLE_IDENTIFIER = com.yeo.flyleaf.login.example;
				PRODUCT_NAME = LoginExample;
				SDKROOT = iphoneos;
				SUPPORTS_MACCATALYST = NO;
				SUPPORTS_MAC_DESIGNED_FOR_IPHONE_IPAD = YES;
				SUPPORTS_XR_DESIGNED_FOR_IPHONE_IPAD = NO;
				SWIFT_ACTIVE_COMPILATION_CONDITIONS = (
					"$(inherited)",
					DEBUG,
				);
				SWIFT_COMPILATION_MODE = singlefile;
				SWIFT_OPTIMIZATION_LEVEL = "-Onone";
				SWIFT_VERSION = 5.0;
				TARGETED_DEVICE_FAMILY = "1,2";
			};
			name = Debug;
		};
		D0DCD50E705A6E433DAB1FCD /* Debug */ = {
			isa = XCBuildConfiguration;
			buildSettings = {
				CODE_SIGN_IDENTITY = "";
				CURRENT_PROJECT_VERSION = 1;
				DEFINES_MODULE = YES;
				DYLIB_COMPATIBILITY_VERSION = 1;
				DYLIB_CURRENT_VERSION = 1;
				DYLIB_INSTALL_NAME_BASE = "@rpath";
				INFOPLIST_FILE = "Derived/InfoPlists/LoginTesting-Info.plist";
				INSTALL_PATH = "$(LOCAL_LIBRARY_DIR)/Frameworks";
				LD_RUNPATH_SEARCH_PATHS = (
					"$(inherited)",
					"@executable_path/Frameworks",
					"@loader_path/Frameworks",
				);
				PRODUCT_BUNDLE_IDENTIFIER = com.yeo.flyleaf.login.testing;
				PRODUCT_NAME = LoginTesting;
				SDKROOT = iphoneos;
				SKIP_INSTALL = YES;
				SUPPORTS_MACCATALYST = NO;
				SUPPORTS_MAC_DESIGNED_FOR_IPHONE_IPAD = YES;
				SUPPORTS_XR_DESIGNED_FOR_IPHONE_IPAD = NO;
				SWIFT_ACTIVE_COMPILATION_CONDITIONS = (
					"$(inherited)",
					DEBUG,
				);
				SWIFT_COMPILATION_MODE = singlefile;
				SWIFT_OPTIMIZATION_LEVEL = "-Onone";
				SWIFT_VERSION = 5.0;
				TARGETED_DEVICE_FAMILY = "1,2";
				VERSIONING_SYSTEM = "apple-generic";
				VERSION_INFO_PREFIX = "";
			};
			name = Debug;
		};
		FC9463F698572FFB429D1304 /* Release */ = {
			isa = XCBuildConfiguration;
			buildSettings = {
				CODE_SIGN_IDENTITY = "";
				CURRENT_PROJECT_VERSION = 1;
				DEFINES_MODULE = YES;
				DYLIB_COMPATIBILITY_VERSION = 1;
				DYLIB_CURRENT_VERSION = 1;
				DYLIB_INSTALL_NAME_BASE = "@rpath";
				INFOPLIST_FILE = "Derived/InfoPlists/LoginFeature-Info.plist";
				INSTALL_PATH = "$(LOCAL_LIBRARY_DIR)/Frameworks";
				LD_RUNPATH_SEARCH_PATHS = (
					"$(inherited)",
					"@executable_path/Frameworks",
					"@loader_path/Frameworks",
				);
				PRODUCT_BUNDLE_IDENTIFIER = com.yeo.flyleaf.login.feature;
				PRODUCT_NAME = LoginFeature;
				SDKROOT = iphoneos;
				SKIP_INSTALL = YES;
				SUPPORTS_MACCATALYST = NO;
				SUPPORTS_MAC_DESIGNED_FOR_IPHONE_IPAD = YES;
				SUPPORTS_XR_DESIGNED_FOR_IPHONE_IPAD = NO;
				SWIFT_COMPILATION_MODE = wholemodule;
				SWIFT_OPTIMIZATION_LEVEL = "-O";
				SWIFT_VERSION = 5.0;
				TARGETED_DEVICE_FAMILY = "1,2";
				VERSIONING_SYSTEM = "apple-generic";
				VERSION_INFO_PREFIX = "";
			};
			name = Release;
		};
/* End XCBuildConfiguration section */

/* Begin XCConfigurationList section */
		013877DD4CE30E74633E0BB7 /* Build configuration list for PBXNativeTarget "LoginExample" */ = {
			isa = XCConfigurationList;
			buildConfigurations = (
				C5205E86EC91451585C43A17 /* Debug */,
				2821AA1432EF399660D4C432 /* Release */,
			);
			defaultConfigurationIsVisible = 0;
			defaultConfigurationName = Release;
		};
		3CA360AE4B01F779403069FF /* Build configuration list for PBXNativeTarget "LoginFeature" */ = {
			isa = XCConfigurationList;
			buildConfigurations = (
				AC148CB626A053C986F1F5BC /* Debug */,
				FC9463F698572FFB429D1304 /* Release */,
			);
			defaultConfigurationIsVisible = 0;
			defaultConfigurationName = Release;
		};
		6C10079AF94881EFE73379E4 /* Build configuration list for PBXProject "Login" */ = {
			isa = XCConfigurationList;
			buildConfigurations = (
				94B293C2D19EE7C88D8E89AC /* Debug */,
				BC531DE985308C3E80C777AD /* Release */,
			);
			defaultConfigurationIsVisible = 0;
			defaultConfigurationName = Release;
		};
		CD2E990C1AF269C8C9AD3C64 /* Build configuration list for PBXNativeTarget "LoginTesting" */ = {
			isa = XCConfigurationList;
			buildConfigurations = (
				D0DCD50E705A6E433DAB1FCD /* Debug */,
				52881EA6F8B52BA2A13CEE17 /* Release */,
			);
			defaultConfigurationIsVisible = 0;
			defaultConfigurationName = Release;
		};
		E39B38B05B7D2955A18A25CD /* Build configuration list for PBXNativeTarget "LoginTests" */ = {
			isa = XCConfigurationList;
			buildConfigurations = (
				03AE01A1F72F8870999389E5 /* Debug */,
				044857E1CE0343F9C114349E /* Release */,
			);
			defaultConfigurationIsVisible = 0;
			defaultConfigurationName = Release;
		};
		F4D55EF643D0AD6DA50E415C /* Build configuration list for PBXNativeTarget "LoginInterface" */ = {
			isa = XCConfigurationList;
			buildConfigurations = (
				44FD1C21226C0D3F140F8B88 /* Debug */,
				2BCC3CFD57A4876D4C8129CE /* Release */,
			);
			defaultConfigurationIsVisible = 0;
			defaultConfigurationName = Release;
		};
/* End XCConfigurationList section */
	};
	rootObject = 353B4020F35CB9C9FFC126AA /* Project object */;
}
